
Microsoft Visual Studio Solution File, Format Version 12.00
# Visual Studio Version 16
VisualStudioVersion = 16.6.30114.105
MinimumVisualStudioVersion = 10.0.40219.1
Project("{FAE04EC0-301F-11D3-BF4B-00C04F79EFBC}") = "R5T.D0108.A001", "R5T.D0108.A001\R5T.D0108.A001.csproj", "{61E22D21-BC39-4BDA-8107-65FA8CF33901}"
EndProject
Project("{FAE04EC0-301F-11D3-BF4B-00C04F79EFBC}") = "R5T.D0108.I001", "R5T.D0108.I001\R5T.D0108.I001.csproj", "{112F7A92-35F6-4AB5-82ED-7A3AEC47FDC2}"
EndProject
Project("{FAE04EC0-301F-11D3-BF4B-00C04F79EFBC}") = "R5T.D0108.Base", "R5T.D0108.Base\R5T.D0108.Base.csproj", "{139A38CE-2001-4275-92DE-11F947EE1A30}"
EndProject
Project("{2150E333-8FDC-42A3-9474-1A3956D46DE8}") = "_Dependencies", "_Dependencies", "{80E17D36-8D02-4073-A539-966FD07A64A1}"
EndProject
Project("{FAE04EC0-301F-11D3-BF4B-00C04F79EFBC}") = "R5T.Dacia.Extensions", "..\..\R5T.Dacia.Extensions\source\R5T.Dacia.Extensions\R5T.Dacia.Extensions.csproj", "{9AD866E3-CA6F-4BC5-874D-167B5017D509}"
EndProject
Project("{FAE04EC0-301F-11D3-BF4B-00C04F79EFBC}") = "R5T.Dacia.T002", "..\..\R5T.Dacia\source\R5T.Dacia.T002\R5T.Dacia.T002.csproj", "{ECAF3303-C3E2-44DD-AAEF-6B9035892BE5}"
EndProject
Global
	GlobalSection(SolutionConfigurationPlatforms) = preSolution
		Debug|Any CPU = Debug|Any CPU
		Debug|x64 = Debug|x64
		Debug|x86 = Debug|x86
		Release|Any CPU = Release|Any CPU
		Release|x64 = Release|x64
		Release|x86 = Release|x86
	EndGlobalSection
	GlobalSection(SolutionProperties) = preSolution
		HideSolutionNode = FALSE
	EndGlobalSection
	GlobalSection(ProjectConfigurationPlatforms) = postSolution
		{61E22D21-BC39-4BDA-8107-65FA8CF33901}.Debug|Any CPU.ActiveCfg = Debug|Any CPU
		{61E22D21-BC39-4BDA-8107-65FA8CF33901}.Debug|Any CPU.Build.0 = Debug|Any CPU
		{61E22D21-BC39-4BDA-8107-65FA8CF33901}.Debug|x64.ActiveCfg = Debug|Any CPU
		{61E22D21-BC39-4BDA-8107-65FA8CF33901}.Debug|x64.Build.0 = Debug|Any CPU
		{61E22D21-BC39-4BDA-8107-65FA8CF33901}.Debug|x86.ActiveCfg = Debug|Any CPU
		{61E22D21-BC39-4BDA-8107-65FA8CF33901}.Debug|x86.Build.0 = Debug|Any CPU
		{61E22D21-BC39-4BDA-8107-65FA8CF33901}.Release|Any CPU.ActiveCfg = Release|Any CPU
		{61E22D21-BC39-4BDA-8107-65FA8CF33901}.Release|Any CPU.Build.0 = Release|Any CPU
		{61E22D21-BC39-4BDA-8107-65FA8CF33901}.Release|x64.ActiveCfg = Release|Any CPU
		{61E22D21-BC39-4BDA-8107-65FA8CF33901}.Release|x64.Build.0 = Release|Any CPU
		{61E22D21-BC39-4BDA-8107-65FA8CF33901}.Release|x86.ActiveCfg = Release|Any CPU
		{61E22D21-BC39-4BDA-8107-65FA8CF33901}.Release|x86.Build.0 = Release|Any CPU
		{112F7A92-35F6-4AB5-82ED-7A3AEC47FDC2}.Debug|Any CPU.ActiveCfg = Debug|Any CPU
		{112F7A92-35F6-4AB5-82ED-7A3AEC47FDC2}.Debug|Any CPU.Build.0 = Debug|Any CPU
		{112F7A92-35F6-4AB5-82ED-7A3AEC47FDC2}.Debug|x64.ActiveCfg = Debug|Any CPU
		{112F7A92-35F6-4AB5-82ED-7A3AEC47FDC2}.Debug|x64.Build.0 = Debug|Any CPU
		{112F7A92-35F6-4AB5-82ED-7A3AEC47FDC2}.Debug|x86.ActiveCfg = Debug|Any CPU
		{112F7A92-35F6-4AB5-82ED-7A3AEC47FDC2}.Debug|x86.Build.0 = Debug|Any CPU
		{112F7A92-35F6-4AB5-82ED-7A3AEC47FDC2}.Release|Any CPU.ActiveCfg = Release|Any CPU
		{112F7A92-35F6-4AB5-82ED-7A3AEC47FDC2}.Release|Any CPU.Build.0 = Release|Any CPU
		{112F7A92-35F6-4AB5-82ED-7A3AEC47FDC2}.Release|x64.ActiveCfg = Release|Any CPU
		{112F7A92-35F6-4AB5-82ED-7A3AEC47FDC2}.Release|x64.Build.0 = Release|Any CPU
		{112F7A92-35F6-4AB5-82ED-7A3AEC47FDC2}.Release|x86.ActiveCfg = Release|Any CPU
		{112F7A92-35F6-4AB5-82ED-7A3AEC47FDC2}.Release|x86.Build.0 = Release|Any CPU
		{139A38CE-2001-4275-92DE-11F947EE1A30}.Debug|Any CPU.ActiveCfg = Debug|Any CPU
		{139A38CE-2001-4275-92DE-11F947EE1A30}.Debug|Any CPU.Build.0 = Debug|Any CPU
		{139A38CE-2001-4275-92DE-11F947EE1A30}.Debug|x64.ActiveCfg = Debug|Any CPU
		{139A38CE-2001-4275-92DE-11F947EE1A30}.Debug|x64.Build.0 = Debug|Any CPU
		{139A38CE-2001-4275-92DE-11F947EE1A30}.Debug|x86.ActiveCfg = Debug|Any CPU
		{139A38CE-2001-4275-92DE-11F947EE1A30}.Debug|x86.Build.0 = Debug|Any CPU
		{139A38CE-2001-4275-92DE-11F947EE1A30}.Release|Any CPU.ActiveCfg = Release|Any CPU
		{139A38CE-2001-4275-92DE-11F947EE1A30}.Release|Any CPU.Build.0 = Release|Any CPU
		{139A38CE-2001-4275-92DE-11F947EE1A30}.Release|x64.ActiveCfg = Release|Any CPU
		{139A38CE-2001-4275-92DE-11F947EE1A30}.Release|x64.Build.0 = Release|Any CPU
		{139A38CE-2001-4275-92DE-11F947EE1A30}.Release|x86.ActiveCfg = Release|Any CPU
		{139A38CE-2001-4275-92DE-11F947EE1A30}.Release|x86.Build.0 = Release|Any CPU
		{9AD866E3-CA6F-4BC5-874D-167B5017D509}.Debug|Any CPU.ActiveCfg = Debug|Any CPU
		{9AD866E3-CA6F-4BC5-874D-167B5017D509}.Debug|Any CPU.Build.0 = Debug|Any CPU
		{9AD866E3-CA6F-4BC5-874D-167B5017D509}.Debug|x64.ActiveCfg = Debug|Any CPU
		{9AD866E3-CA6F-4BC5-874D-167B5017D509}.Debug|x64.Build.0 = Debug|Any CPU
		{9AD866E3-CA6F-4BC5-874D-167B5017D509}.Debug|x86.ActiveCfg = Debug|Any CPU
		{9AD866E3-CA6F-4BC5-874D-167B5017D509}.Debug|x86.Build.0 = Debug|Any CPU
		{9AD866E3-CA6F-4BC5-874D-167B5017D509}.Release|Any CPU.ActiveCfg = Release|Any CPU
		{9AD866E3-CA6F-4BC5-874D-167B5017D509}.Release|Any CPU.Build.0 = Release|Any CPU
		{9AD866E3-CA6F-4BC5-874D-167B5017D509}.Release|x64.ActiveCfg = Release|Any CPU
		{9AD866E3-CA6F-4BC5-874D-167B5017D509}.Release|x64.Build.0 = Release|Any CPU
		{9AD866E3-CA6F-4BC5-874D-167B5017D509}.Release|x86.ActiveCfg = Release|Any CPU
		{9AD866E3-CA6F-4BC5-874D-167B5017D509}.Release|x86.Build.0 = Release|Any CPU
		{ECAF3303-C3E2-44DD-AAEF-6B9035892BE5}.Debug|Any CPU.ActiveCfg = Debug|Any CPU
		{ECAF3303-C3E2-44DD-AAEF-6B9035892BE5}.Debug|Any CPU.Build.0 = Debug|Any CPU
		{ECAF3303-C3E2-44DD-AAEF-6B9035892BE5}.Debug|x64.ActiveCfg = Debug|Any CPU
		{ECAF3303-C3E2-44DD-AAEF-6B9035892BE5}.Debug|x64.Build.0 = Debug|Any CPU
		{ECAF3303-C3E2-44DD-AAEF-6B9035892BE5}.Debug|x86.ActiveCfg = Debug|Any CPU
		{ECAF3303-C3E2-44DD-AAEF-6B9035892BE5}.Debug|x86.Build.0 = Debug|Any CPU
		{ECAF3303-C3E2-44DD-AAEF-6B9035892BE5}.Release|Any CPU.ActiveCfg = Release|Any CPU
		{ECAF3303-C3E2-44DD-AAEF-6B9035892BE5}.Release|Any CPU.Build.0 = Release|Any CPU
		{ECAF3303-C3E2-44DD-AAEF-6B9035892BE5}.Release|x64.ActiveCfg = Release|Any CPU
		{ECAF3303-C3E2-44DD-AAEF-6B9035892BE5}.Release|x64.Build.0 = Release|Any CPU
		{ECAF3303-C3E2-44DD-AAEF-6B9035892BE5}.Release|x86.ActiveCfg = Release|Any CPU
		{ECAF3303-C3E2-44DD-AAEF-6B9035892BE5}.Release|x86.Build.0 = Release|Any CPU
	EndGlobalSection
	GlobalSection(NestedProjects) = preSolution
		{9AD866E3-CA6F-4BC5-874D-167B5017D509} = {80E17D36-8D02-4073-A539-966FD07A64A1}
		{ECAF3303-C3E2-44DD-AAEF-6B9035892BE5} = {80E17D36-8D02-4073-A539-966FD07A64A1}
	EndGlobalSection
EndGlobal
