
Microsoft Visual Studio Solution File, Format Version 12.00
# Visual Studio Version 16
VisualStudioVersion = 16.6.30114.105
MinimumVisualStudioVersion = 10.0.40219.1
Project("{9A19103F-16F7-4668-BE54-9A1E7A4F7556}") = "R5T.D0108.Base", "R5T.D0108.Base\R5T.D0108.Base.csproj", "{015E0721-25C8-42A4-9748-B4C795409730}"
EndProject
Project("{2150E333-8FDC-42A3-9474-1A3956D46DE8}") = "_Dependencies", "_Dependencies", "{A0687ABF-5706-4141-9091-5517F4462444}"
EndProject
Project("{9A19103F-16F7-4668-BE54-9A1E7A4F7556}") = "R5T.D0108.I001", "R5T.D0108.I001\R5T.D0108.I001.csproj", "{5EEAF2B2-042E-46E5-AE0A-DD86804F8976}"
EndProject
Project("{9A19103F-16F7-4668-BE54-9A1E7A4F7556}") = "R5T.T0064", "..\..\R5T.T0064\source\R5T.T0064\R5T.T0064.csproj", "{76F6DA9D-EAF1-4792-955B-F90184B08D9A}"
EndProject
Project("{9A19103F-16F7-4668-BE54-9A1E7A4F7556}") = "R5T.T0062.X001", "..\..\R5T.T0062\source\R5T.T0062.X001\R5T.T0062.X001.csproj", "{C4EAE589-B874-45DE-AB52-7F3BDE4CD112}"
EndProject
Project("{9A19103F-16F7-4668-BE54-9A1E7A4F7556}") = "R5T.T0100", "..\..\R5T.T0100\source\R5T.T0100\R5T.T0100.csproj", "{30E46ABB-2782-4DFD-A28E-E7A33C79FC25}"
EndProject
Project("{9A19103F-16F7-4668-BE54-9A1E7A4F7556}") = "R5T.T0044.X001", "..\..\R5T.T0044\source\R5T.T0044.X001\R5T.T0044.X001.csproj", "{D283E7E0-2F86-417D-8C98-B5DB8D02202D}"
EndProject
Project("{9A19103F-16F7-4668-BE54-9A1E7A4F7556}") = "R5T.L0019.X001", "..\..\R5T.L0019\source\R5T.L0019.X001\R5T.L0019.X001.csproj", "{8403388E-1D74-449E-BBF3-972BAE1E2AE9}"
EndProject
Project("{9A19103F-16F7-4668-BE54-9A1E7A4F7556}") = "R5T.T0057.X002", "..\..\R5T.T0057\source\R5T.T0057.X002\R5T.T0057.X002.csproj", "{BE329BAC-5AA2-4621-96BB-DE7A32E673BA}"
EndProject
Project("{9A19103F-16F7-4668-BE54-9A1E7A4F7556}") = "R5T.T0055.X001", "..\..\R5T.T0055\source\R5T.T0055.X001\R5T.T0055.X001.csproj", "{54605E1E-4CA4-4639-9D26-FA7041BE75C0}"
EndProject
Project("{FAE04EC0-301F-11D3-BF4B-00C04F79EFBC}") = "R5T.D0108.X001", "R5T.D0108.X001\R5T.D0108.X001.csproj", "{672D523D-30F3-4F86-962D-575189353E2F}"
EndProject
Project("{9A19103F-16F7-4668-BE54-9A1E7A4F7556}") = "R5T.T0092.X001", "..\..\R5T.T0092\source\R5T.T0092.X001\R5T.T0092.X001.csproj", "{DEBE061D-444D-4360-8992-85385C7240F6}"
EndProject
Project("{9A19103F-16F7-4668-BE54-9A1E7A4F7556}") = "R5T.T0055", "..\..\R5T.T0055\source\R5T.T0055\R5T.T0055.csproj", "{1D1C218F-DB9F-424E-B81B-E862A97ADEB9}"
EndProject
Project("{9A19103F-16F7-4668-BE54-9A1E7A4F7556}") = "R5T.Magyar", "..\..\R5T.Magyar\source\R5T.Magyar\R5T.Magyar.csproj", "{EEFDABFA-DDF1-42E3-A2F9-0B1C85FFE4A2}"
EndProject
Project("{9A19103F-16F7-4668-BE54-9A1E7A4F7556}") = "R5T.T0039.T002", "..\..\R5T.T0039\source\R5T.T0039.T002\R5T.T0039.T002.csproj", "{368B54F7-5FF2-4FA3-ABE9-983370545EDD}"
EndProject
Project("{9A19103F-16F7-4668-BE54-9A1E7A4F7556}") = "R5T.T0060", "..\..\R5T.T0060\source\R5T.T0060\R5T.T0060.csproj", "{9CEC646F-C546-46EE-B5C2-5EA22F060383}"
EndProject
Project("{9A19103F-16F7-4668-BE54-9A1E7A4F7556}") = "R5T.T0092", "..\..\R5T.T0092\source\R5T.T0092\R5T.T0092.csproj", "{A93ECE2F-EABA-4D01-84FB-E67CB9C61DDA}"
EndProject
Project("{9A19103F-16F7-4668-BE54-9A1E7A4F7556}") = "R5T.T0094", "..\..\R5T.T0094\source\R5T.T0094\R5T.T0094.csproj", "{89FD9A92-088E-4FAF-B88E-909B53F6096B}"
EndProject
Project("{9A19103F-16F7-4668-BE54-9A1E7A4F7556}") = "R5T.T0093", "..\..\R5T.T0093\source\R5T.T0093\R5T.T0093.csproj", "{9AF1A7B9-B2ED-4113-9FED-7C59B258067A}"
EndProject
Project("{9A19103F-16F7-4668-BE54-9A1E7A4F7556}") = "R5T.T0101", "..\..\R5T.T0101\source\R5T.T0101\R5T.T0101.csproj", "{6A16D52D-2D00-428B-9FE2-4804A5F6A1E6}"
EndProject
Project("{9A19103F-16F7-4668-BE54-9A1E7A4F7556}") = "R5T.L0019", "..\..\R5T.L0019\source\R5T.L0019\R5T.L0019.csproj", "{6137E2F1-97B2-4F43-B643-6652014DF5B7}"
EndProject
Project("{9A19103F-16F7-4668-BE54-9A1E7A4F7556}") = "R5T.T0044", "..\..\R5T.T0044\source\R5T.T0044\R5T.T0044.csproj", "{9F8356A0-583E-4887-A625-35016C8FAE6D}"
EndProject
Project("{9A19103F-16F7-4668-BE54-9A1E7A4F7556}") = "R5T.T0057", "..\..\R5T.T0057\source\R5T.T0057\R5T.T0057.csproj", "{C6C9D9B1-EC85-43D8-93AD-2F2DB6BAE2CD}"
EndProject
Project("{9A19103F-16F7-4668-BE54-9A1E7A4F7556}") = "R5T.T0063", "..\..\R5T.T0063\source\R5T.T0063\R5T.T0063.csproj", "{57EAF354-7C72-4D33-8171-1E6F2D29D51C}"
EndProject
Project("{9A19103F-16F7-4668-BE54-9A1E7A4F7556}") = "R5T.L0013", "..\..\R5T.L0013\source\R5T.L0013\R5T.L0013.csproj", "{3D0BB595-A610-4D35-9288-1F0ECCECD16E}"
EndProject
Project("{9A19103F-16F7-4668-BE54-9A1E7A4F7556}") = "R5T.T0062", "..\..\R5T.T0062\source\R5T.T0062\R5T.T0062.csproj", "{08572C07-DAAC-4F89-A991-C278B4417EAD}"
EndProject
Global
	GlobalSection(SolutionConfigurationPlatforms) = preSolution
		Debug|Any CPU = Debug|Any CPU
		Debug|x64 = Debug|x64
		Debug|x86 = Debug|x86
		Release|Any CPU = Release|Any CPU
		Release|x64 = Release|x64
		Release|x86 = Release|x86
	EndGlobalSection
	GlobalSection(ProjectConfigurationPlatforms) = postSolution
		{015E0721-25C8-42A4-9748-B4C795409730}.Debug|Any CPU.ActiveCfg = Debug|Any CPU
		{015E0721-25C8-42A4-9748-B4C795409730}.Debug|Any CPU.Build.0 = Debug|Any CPU
		{015E0721-25C8-42A4-9748-B4C795409730}.Debug|x64.ActiveCfg = Debug|Any CPU
		{015E0721-25C8-42A4-9748-B4C795409730}.Debug|x64.Build.0 = Debug|Any CPU
		{015E0721-25C8-42A4-9748-B4C795409730}.Debug|x86.ActiveCfg = Debug|Any CPU
		{015E0721-25C8-42A4-9748-B4C795409730}.Debug|x86.Build.0 = Debug|Any CPU
		{015E0721-25C8-42A4-9748-B4C795409730}.Release|Any CPU.ActiveCfg = Release|Any CPU
		{015E0721-25C8-42A4-9748-B4C795409730}.Release|Any CPU.Build.0 = Release|Any CPU
		{015E0721-25C8-42A4-9748-B4C795409730}.Release|x64.ActiveCfg = Release|Any CPU
		{015E0721-25C8-42A4-9748-B4C795409730}.Release|x64.Build.0 = Release|Any CPU
		{015E0721-25C8-42A4-9748-B4C795409730}.Release|x86.ActiveCfg = Release|Any CPU
		{015E0721-25C8-42A4-9748-B4C795409730}.Release|x86.Build.0 = Release|Any CPU
		{5EEAF2B2-042E-46E5-AE0A-DD86804F8976}.Debug|Any CPU.ActiveCfg = Debug|Any CPU
		{5EEAF2B2-042E-46E5-AE0A-DD86804F8976}.Debug|Any CPU.Build.0 = Debug|Any CPU
		{5EEAF2B2-042E-46E5-AE0A-DD86804F8976}.Debug|x64.ActiveCfg = Debug|Any CPU
		{5EEAF2B2-042E-46E5-AE0A-DD86804F8976}.Debug|x64.Build.0 = Debug|Any CPU
		{5EEAF2B2-042E-46E5-AE0A-DD86804F8976}.Debug|x86.ActiveCfg = Debug|Any CPU
		{5EEAF2B2-042E-46E5-AE0A-DD86804F8976}.Debug|x86.Build.0 = Debug|Any CPU
		{5EEAF2B2-042E-46E5-AE0A-DD86804F8976}.Release|Any CPU.ActiveCfg = Release|Any CPU
		{5EEAF2B2-042E-46E5-AE0A-DD86804F8976}.Release|Any CPU.Build.0 = Release|Any CPU
		{5EEAF2B2-042E-46E5-AE0A-DD86804F8976}.Release|x64.ActiveCfg = Release|Any CPU
		{5EEAF2B2-042E-46E5-AE0A-DD86804F8976}.Release|x64.Build.0 = Release|Any CPU
		{5EEAF2B2-042E-46E5-AE0A-DD86804F8976}.Release|x86.ActiveCfg = Release|Any CPU
		{5EEAF2B2-042E-46E5-AE0A-DD86804F8976}.Release|x86.Build.0 = Release|Any CPU
		{76F6DA9D-EAF1-4792-955B-F90184B08D9A}.Debug|Any CPU.ActiveCfg = Debug|Any CPU
		{76F6DA9D-EAF1-4792-955B-F90184B08D9A}.Debug|Any CPU.Build.0 = Debug|Any CPU
		{76F6DA9D-EAF1-4792-955B-F90184B08D9A}.Debug|x64.ActiveCfg = Debug|Any CPU
		{76F6DA9D-EAF1-4792-955B-F90184B08D9A}.Debug|x64.Build.0 = Debug|Any CPU
		{76F6DA9D-EAF1-4792-955B-F90184B08D9A}.Debug|x86.ActiveCfg = Debug|Any CPU
		{76F6DA9D-EAF1-4792-955B-F90184B08D9A}.Debug|x86.Build.0 = Debug|Any CPU
		{76F6DA9D-EAF1-4792-955B-F90184B08D9A}.Release|Any CPU.ActiveCfg = Release|Any CPU
		{76F6DA9D-EAF1-4792-955B-F90184B08D9A}.Release|Any CPU.Build.0 = Release|Any CPU
		{76F6DA9D-EAF1-4792-955B-F90184B08D9A}.Release|x64.ActiveCfg = Release|Any CPU
		{76F6DA9D-EAF1-4792-955B-F90184B08D9A}.Release|x64.Build.0 = Release|Any CPU
		{76F6DA9D-EAF1-4792-955B-F90184B08D9A}.Release|x86.ActiveCfg = Release|Any CPU
		{76F6DA9D-EAF1-4792-955B-F90184B08D9A}.Release|x86.Build.0 = Release|Any CPU
		{C4EAE589-B874-45DE-AB52-7F3BDE4CD112}.Debug|Any CPU.ActiveCfg = Debug|Any CPU
		{C4EAE589-B874-45DE-AB52-7F3BDE4CD112}.Debug|Any CPU.Build.0 = Debug|Any CPU
		{C4EAE589-B874-45DE-AB52-7F3BDE4CD112}.Debug|x64.ActiveCfg = Debug|Any CPU
		{C4EAE589-B874-45DE-AB52-7F3BDE4CD112}.Debug|x64.Build.0 = Debug|Any CPU
		{C4EAE589-B874-45DE-AB52-7F3BDE4CD112}.Debug|x86.ActiveCfg = Debug|Any CPU
		{C4EAE589-B874-45DE-AB52-7F3BDE4CD112}.Debug|x86.Build.0 = Debug|Any CPU
		{C4EAE589-B874-45DE-AB52-7F3BDE4CD112}.Release|Any CPU.ActiveCfg = Release|Any CPU
		{C4EAE589-B874-45DE-AB52-7F3BDE4CD112}.Release|Any CPU.Build.0 = Release|Any CPU
		{C4EAE589-B874-45DE-AB52-7F3BDE4CD112}.Release|x64.ActiveCfg = Release|Any CPU
		{C4EAE589-B874-45DE-AB52-7F3BDE4CD112}.Release|x64.Build.0 = Release|Any CPU
		{C4EAE589-B874-45DE-AB52-7F3BDE4CD112}.Release|x86.ActiveCfg = Release|Any CPU
		{C4EAE589-B874-45DE-AB52-7F3BDE4CD112}.Release|x86.Build.0 = Release|Any CPU
		{30E46ABB-2782-4DFD-A28E-E7A33C79FC25}.Debug|Any CPU.ActiveCfg = Debug|Any CPU
		{30E46ABB-2782-4DFD-A28E-E7A33C79FC25}.Debug|Any CPU.Build.0 = Debug|Any CPU
		{30E46ABB-2782-4DFD-A28E-E7A33C79FC25}.Debug|x64.ActiveCfg = Debug|Any CPU
		{30E46ABB-2782-4DFD-A28E-E7A33C79FC25}.Debug|x64.Build.0 = Debug|Any CPU
		{30E46ABB-2782-4DFD-A28E-E7A33C79FC25}.Debug|x86.ActiveCfg = Debug|Any CPU
		{30E46ABB-2782-4DFD-A28E-E7A33C79FC25}.Debug|x86.Build.0 = Debug|Any CPU
		{30E46ABB-2782-4DFD-A28E-E7A33C79FC25}.Release|Any CPU.ActiveCfg = Release|Any CPU
		{30E46ABB-2782-4DFD-A28E-E7A33C79FC25}.Release|Any CPU.Build.0 = Release|Any CPU
		{30E46ABB-2782-4DFD-A28E-E7A33C79FC25}.Release|x64.ActiveCfg = Release|Any CPU
		{30E46ABB-2782-4DFD-A28E-E7A33C79FC25}.Release|x64.Build.0 = Release|Any CPU
		{30E46ABB-2782-4DFD-A28E-E7A33C79FC25}.Release|x86.ActiveCfg = Release|Any CPU
		{30E46ABB-2782-4DFD-A28E-E7A33C79FC25}.Release|x86.Build.0 = Release|Any CPU
		{D283E7E0-2F86-417D-8C98-B5DB8D02202D}.Debug|Any CPU.ActiveCfg = Debug|Any CPU
		{D283E7E0-2F86-417D-8C98-B5DB8D02202D}.Debug|Any CPU.Build.0 = Debug|Any CPU
		{D283E7E0-2F86-417D-8C98-B5DB8D02202D}.Debug|x64.ActiveCfg = Debug|Any CPU
		{D283E7E0-2F86-417D-8C98-B5DB8D02202D}.Debug|x64.Build.0 = Debug|Any CPU
		{D283E7E0-2F86-417D-8C98-B5DB8D02202D}.Debug|x86.ActiveCfg = Debug|Any CPU
		{D283E7E0-2F86-417D-8C98-B5DB8D02202D}.Debug|x86.Build.0 = Debug|Any CPU
		{D283E7E0-2F86-417D-8C98-B5DB8D02202D}.Release|Any CPU.ActiveCfg = Release|Any CPU
		{D283E7E0-2F86-417D-8C98-B5DB8D02202D}.Release|Any CPU.Build.0 = Release|Any CPU
		{D283E7E0-2F86-417D-8C98-B5DB8D02202D}.Release|x64.ActiveCfg = Release|Any CPU
		{D283E7E0-2F86-417D-8C98-B5DB8D02202D}.Release|x64.Build.0 = Release|Any CPU
		{D283E7E0-2F86-417D-8C98-B5DB8D02202D}.Release|x86.ActiveCfg = Release|Any CPU
		{D283E7E0-2F86-417D-8C98-B5DB8D02202D}.Release|x86.Build.0 = Release|Any CPU
		{8403388E-1D74-449E-BBF3-972BAE1E2AE9}.Debug|Any CPU.ActiveCfg = Debug|Any CPU
		{8403388E-1D74-449E-BBF3-972BAE1E2AE9}.Debug|Any CPU.Build.0 = Debug|Any CPU
		{8403388E-1D74-449E-BBF3-972BAE1E2AE9}.Debug|x64.ActiveCfg = Debug|Any CPU
		{8403388E-1D74-449E-BBF3-972BAE1E2AE9}.Debug|x64.Build.0 = Debug|Any CPU
		{8403388E-1D74-449E-BBF3-972BAE1E2AE9}.Debug|x86.ActiveCfg = Debug|Any CPU
		{8403388E-1D74-449E-BBF3-972BAE1E2AE9}.Debug|x86.Build.0 = Debug|Any CPU
		{8403388E-1D74-449E-BBF3-972BAE1E2AE9}.Release|Any CPU.ActiveCfg = Release|Any CPU
		{8403388E-1D74-449E-BBF3-972BAE1E2AE9}.Release|Any CPU.Build.0 = Release|Any CPU
		{8403388E-1D74-449E-BBF3-972BAE1E2AE9}.Release|x64.ActiveCfg = Release|Any CPU
		{8403388E-1D74-449E-BBF3-972BAE1E2AE9}.Release|x64.Build.0 = Release|Any CPU
		{8403388E-1D74-449E-BBF3-972BAE1E2AE9}.Release|x86.ActiveCfg = Release|Any CPU
		{8403388E-1D74-449E-BBF3-972BAE1E2AE9}.Release|x86.Build.0 = Release|Any CPU
		{BE329BAC-5AA2-4621-96BB-DE7A32E673BA}.Debug|Any CPU.ActiveCfg = Debug|Any CPU
		{BE329BAC-5AA2-4621-96BB-DE7A32E673BA}.Debug|Any CPU.Build.0 = Debug|Any CPU
		{BE329BAC-5AA2-4621-96BB-DE7A32E673BA}.Debug|x64.ActiveCfg = Debug|Any CPU
		{BE329BAC-5AA2-4621-96BB-DE7A32E673BA}.Debug|x64.Build.0 = Debug|Any CPU
		{BE329BAC-5AA2-4621-96BB-DE7A32E673BA}.Debug|x86.ActiveCfg = Debug|Any CPU
		{BE329BAC-5AA2-4621-96BB-DE7A32E673BA}.Debug|x86.Build.0 = Debug|Any CPU
		{BE329BAC-5AA2-4621-96BB-DE7A32E673BA}.Release|Any CPU.ActiveCfg = Release|Any CPU
		{BE329BAC-5AA2-4621-96BB-DE7A32E673BA}.Release|Any CPU.Build.0 = Release|Any CPU
		{BE329BAC-5AA2-4621-96BB-DE7A32E673BA}.Release|x64.ActiveCfg = Release|Any CPU
		{BE329BAC-5AA2-4621-96BB-DE7A32E673BA}.Release|x64.Build.0 = Release|Any CPU
		{BE329BAC-5AA2-4621-96BB-DE7A32E673BA}.Release|x86.ActiveCfg = Release|Any CPU
		{BE329BAC-5AA2-4621-96BB-DE7A32E673BA}.Release|x86.Build.0 = Release|Any CPU
		{54605E1E-4CA4-4639-9D26-FA7041BE75C0}.Debug|Any CPU.ActiveCfg = Debug|Any CPU
		{54605E1E-4CA4-4639-9D26-FA7041BE75C0}.Debug|Any CPU.Build.0 = Debug|Any CPU
		{54605E1E-4CA4-4639-9D26-FA7041BE75C0}.Debug|x64.ActiveCfg = Debug|Any CPU
		{54605E1E-4CA4-4639-9D26-FA7041BE75C0}.Debug|x64.Build.0 = Debug|Any CPU
		{54605E1E-4CA4-4639-9D26-FA7041BE75C0}.Debug|x86.ActiveCfg = Debug|Any CPU
		{54605E1E-4CA4-4639-9D26-FA7041BE75C0}.Debug|x86.Build.0 = Debug|Any CPU
		{54605E1E-4CA4-4639-9D26-FA7041BE75C0}.Release|Any CPU.ActiveCfg = Release|Any CPU
		{54605E1E-4CA4-4639-9D26-FA7041BE75C0}.Release|Any CPU.Build.0 = Release|Any CPU
		{54605E1E-4CA4-4639-9D26-FA7041BE75C0}.Release|x64.ActiveCfg = Release|Any CPU
		{54605E1E-4CA4-4639-9D26-FA7041BE75C0}.Release|x64.Build.0 = Release|Any CPU
		{54605E1E-4CA4-4639-9D26-FA7041BE75C0}.Release|x86.ActiveCfg = Release|Any CPU
		{54605E1E-4CA4-4639-9D26-FA7041BE75C0}.Release|x86.Build.0 = Release|Any CPU
		{672D523D-30F3-4F86-962D-575189353E2F}.Debug|Any CPU.ActiveCfg = Debug|Any CPU
		{672D523D-30F3-4F86-962D-575189353E2F}.Debug|Any CPU.Build.0 = Debug|Any CPU
		{672D523D-30F3-4F86-962D-575189353E2F}.Debug|x64.ActiveCfg = Debug|Any CPU
		{672D523D-30F3-4F86-962D-575189353E2F}.Debug|x64.Build.0 = Debug|Any CPU
		{672D523D-30F3-4F86-962D-575189353E2F}.Debug|x86.ActiveCfg = Debug|Any CPU
		{672D523D-30F3-4F86-962D-575189353E2F}.Debug|x86.Build.0 = Debug|Any CPU
		{672D523D-30F3-4F86-962D-575189353E2F}.Release|Any CPU.ActiveCfg = Release|Any CPU
		{672D523D-30F3-4F86-962D-575189353E2F}.Release|Any CPU.Build.0 = Release|Any CPU
		{672D523D-30F3-4F86-962D-575189353E2F}.Release|x64.ActiveCfg = Release|Any CPU
		{672D523D-30F3-4F86-962D-575189353E2F}.Release|x64.Build.0 = Release|Any CPU
		{672D523D-30F3-4F86-962D-575189353E2F}.Release|x86.ActiveCfg = Release|Any CPU
		{672D523D-30F3-4F86-962D-575189353E2F}.Release|x86.Build.0 = Release|Any CPU
		{DEBE061D-444D-4360-8992-85385C7240F6}.Debug|Any CPU.ActiveCfg = Debug|Any CPU
		{DEBE061D-444D-4360-8992-85385C7240F6}.Debug|Any CPU.Build.0 = Debug|Any CPU
		{DEBE061D-444D-4360-8992-85385C7240F6}.Debug|x64.ActiveCfg = Debug|Any CPU
		{DEBE061D-444D-4360-8992-85385C7240F6}.Debug|x64.Build.0 = Debug|Any CPU
		{DEBE061D-444D-4360-8992-85385C7240F6}.Debug|x86.ActiveCfg = Debug|Any CPU
		{DEBE061D-444D-4360-8992-85385C7240F6}.Debug|x86.Build.0 = Debug|Any CPU
		{DEBE061D-444D-4360-8992-85385C7240F6}.Release|Any CPU.ActiveCfg = Release|Any CPU
		{DEBE061D-444D-4360-8992-85385C7240F6}.Release|Any CPU.Build.0 = Release|Any CPU
		{DEBE061D-444D-4360-8992-85385C7240F6}.Release|x64.ActiveCfg = Release|Any CPU
		{DEBE061D-444D-4360-8992-85385C7240F6}.Release|x64.Build.0 = Release|Any CPU
		{DEBE061D-444D-4360-8992-85385C7240F6}.Release|x86.ActiveCfg = Release|Any CPU
		{DEBE061D-444D-4360-8992-85385C7240F6}.Release|x86.Build.0 = Release|Any CPU
		{1D1C218F-DB9F-424E-B81B-E862A97ADEB9}.Debug|Any CPU.ActiveCfg = Debug|Any CPU
		{1D1C218F-DB9F-424E-B81B-E862A97ADEB9}.Debug|Any CPU.Build.0 = Debug|Any CPU
		{1D1C218F-DB9F-424E-B81B-E862A97ADEB9}.Debug|x64.ActiveCfg = Debug|Any CPU
		{1D1C218F-DB9F-424E-B81B-E862A97ADEB9}.Debug|x64.Build.0 = Debug|Any CPU
		{1D1C218F-DB9F-424E-B81B-E862A97ADEB9}.Debug|x86.ActiveCfg = Debug|Any CPU
		{1D1C218F-DB9F-424E-B81B-E862A97ADEB9}.Debug|x86.Build.0 = Debug|Any CPU
		{1D1C218F-DB9F-424E-B81B-E862A97ADEB9}.Release|Any CPU.ActiveCfg = Release|Any CPU
		{1D1C218F-DB9F-424E-B81B-E862A97ADEB9}.Release|Any CPU.Build.0 = Release|Any CPU
		{1D1C218F-DB9F-424E-B81B-E862A97ADEB9}.Release|x64.ActiveCfg = Release|Any CPU
		{1D1C218F-DB9F-424E-B81B-E862A97ADEB9}.Release|x64.Build.0 = Release|Any CPU
		{1D1C218F-DB9F-424E-B81B-E862A97ADEB9}.Release|x86.ActiveCfg = Release|Any CPU
		{1D1C218F-DB9F-424E-B81B-E862A97ADEB9}.Release|x86.Build.0 = Release|Any CPU
		{EEFDABFA-DDF1-42E3-A2F9-0B1C85FFE4A2}.Debug|Any CPU.ActiveCfg = Debug|Any CPU
		{EEFDABFA-DDF1-42E3-A2F9-0B1C85FFE4A2}.Debug|Any CPU.Build.0 = Debug|Any CPU
		{EEFDABFA-DDF1-42E3-A2F9-0B1C85FFE4A2}.Debug|x64.ActiveCfg = Debug|Any CPU
		{EEFDABFA-DDF1-42E3-A2F9-0B1C85FFE4A2}.Debug|x64.Build.0 = Debug|Any CPU
		{EEFDABFA-DDF1-42E3-A2F9-0B1C85FFE4A2}.Debug|x86.ActiveCfg = Debug|Any CPU
		{EEFDABFA-DDF1-42E3-A2F9-0B1C85FFE4A2}.Debug|x86.Build.0 = Debug|Any CPU
		{EEFDABFA-DDF1-42E3-A2F9-0B1C85FFE4A2}.Release|Any CPU.ActiveCfg = Release|Any CPU
		{EEFDABFA-DDF1-42E3-A2F9-0B1C85FFE4A2}.Release|Any CPU.Build.0 = Release|Any CPU
		{EEFDABFA-DDF1-42E3-A2F9-0B1C85FFE4A2}.Release|x64.ActiveCfg = Release|Any CPU
		{EEFDABFA-DDF1-42E3-A2F9-0B1C85FFE4A2}.Release|x64.Build.0 = Release|Any CPU
		{EEFDABFA-DDF1-42E3-A2F9-0B1C85FFE4A2}.Release|x86.ActiveCfg = Release|Any CPU
		{EEFDABFA-DDF1-42E3-A2F9-0B1C85FFE4A2}.Release|x86.Build.0 = Release|Any CPU
		{368B54F7-5FF2-4FA3-ABE9-983370545EDD}.Debug|Any CPU.ActiveCfg = Debug|Any CPU
		{368B54F7-5FF2-4FA3-ABE9-983370545EDD}.Debug|Any CPU.Build.0 = Debug|Any CPU
		{368B54F7-5FF2-4FA3-ABE9-983370545EDD}.Debug|x64.ActiveCfg = Debug|Any CPU
		{368B54F7-5FF2-4FA3-ABE9-983370545EDD}.Debug|x64.Build.0 = Debug|Any CPU
		{368B54F7-5FF2-4FA3-ABE9-983370545EDD}.Debug|x86.ActiveCfg = Debug|Any CPU
		{368B54F7-5FF2-4FA3-ABE9-983370545EDD}.Debug|x86.Build.0 = Debug|Any CPU
		{368B54F7-5FF2-4FA3-ABE9-983370545EDD}.Release|Any CPU.ActiveCfg = Release|Any CPU
		{368B54F7-5FF2-4FA3-ABE9-983370545EDD}.Release|Any CPU.Build.0 = Release|Any CPU
		{368B54F7-5FF2-4FA3-ABE9-983370545EDD}.Release|x64.ActiveCfg = Release|Any CPU
		{368B54F7-5FF2-4FA3-ABE9-983370545EDD}.Release|x64.Build.0 = Release|Any CPU
		{368B54F7-5FF2-4FA3-ABE9-983370545EDD}.Release|x86.ActiveCfg = Release|Any CPU
		{368B54F7-5FF2-4FA3-ABE9-983370545EDD}.Release|x86.Build.0 = Release|Any CPU
		{9CEC646F-C546-46EE-B5C2-5EA22F060383}.Debug|Any CPU.ActiveCfg = Debug|Any CPU
		{9CEC646F-C546-46EE-B5C2-5EA22F060383}.Debug|Any CPU.Build.0 = Debug|Any CPU
		{9CEC646F-C546-46EE-B5C2-5EA22F060383}.Debug|x64.ActiveCfg = Debug|Any CPU
		{9CEC646F-C546-46EE-B5C2-5EA22F060383}.Debug|x64.Build.0 = Debug|Any CPU
		{9CEC646F-C546-46EE-B5C2-5EA22F060383}.Debug|x86.ActiveCfg = Debug|Any CPU
		{9CEC646F-C546-46EE-B5C2-5EA22F060383}.Debug|x86.Build.0 = Debug|Any CPU
		{9CEC646F-C546-46EE-B5C2-5EA22F060383}.Release|Any CPU.ActiveCfg = Release|Any CPU
		{9CEC646F-C546-46EE-B5C2-5EA22F060383}.Release|Any CPU.Build.0 = Release|Any CPU
		{9CEC646F-C546-46EE-B5C2-5EA22F060383}.Release|x64.ActiveCfg = Release|Any CPU
		{9CEC646F-C546-46EE-B5C2-5EA22F060383}.Release|x64.Build.0 = Release|Any CPU
		{9CEC646F-C546-46EE-B5C2-5EA22F060383}.Release|x86.ActiveCfg = Release|Any CPU
		{9CEC646F-C546-46EE-B5C2-5EA22F060383}.Release|x86.Build.0 = Release|Any CPU
		{A93ECE2F-EABA-4D01-84FB-E67CB9C61DDA}.Debug|Any CPU.ActiveCfg = Debug|Any CPU
		{A93ECE2F-EABA-4D01-84FB-E67CB9C61DDA}.Debug|Any CPU.Build.0 = Debug|Any CPU
		{A93ECE2F-EABA-4D01-84FB-E67CB9C61DDA}.Debug|x64.ActiveCfg = Debug|Any CPU
		{A93ECE2F-EABA-4D01-84FB-E67CB9C61DDA}.Debug|x64.Build.0 = Debug|Any CPU
		{A93ECE2F-EABA-4D01-84FB-E67CB9C61DDA}.Debug|x86.ActiveCfg = Debug|Any CPU
		{A93ECE2F-EABA-4D01-84FB-E67CB9C61DDA}.Debug|x86.Build.0 = Debug|Any CPU
		{A93ECE2F-EABA-4D01-84FB-E67CB9C61DDA}.Release|Any CPU.ActiveCfg = Release|Any CPU
		{A93ECE2F-EABA-4D01-84FB-E67CB9C61DDA}.Release|Any CPU.Build.0 = Release|Any CPU
		{A93ECE2F-EABA-4D01-84FB-E67CB9C61DDA}.Release|x64.ActiveCfg = Release|Any CPU
		{A93ECE2F-EABA-4D01-84FB-E67CB9C61DDA}.Release|x64.Build.0 = Release|Any CPU
		{A93ECE2F-EABA-4D01-84FB-E67CB9C61DDA}.Release|x86.ActiveCfg = Release|Any CPU
		{A93ECE2F-EABA-4D01-84FB-E67CB9C61DDA}.Release|x86.Build.0 = Release|Any CPU
		{89FD9A92-088E-4FAF-B88E-909B53F6096B}.Debug|Any CPU.ActiveCfg = Debug|Any CPU
		{89FD9A92-088E-4FAF-B88E-909B53F6096B}.Debug|Any CPU.Build.0 = Debug|Any CPU
		{89FD9A92-088E-4FAF-B88E-909B53F6096B}.Debug|x64.ActiveCfg = Debug|Any CPU
		{89FD9A92-088E-4FAF-B88E-909B53F6096B}.Debug|x64.Build.0 = Debug|Any CPU
		{89FD9A92-088E-4FAF-B88E-909B53F6096B}.Debug|x86.ActiveCfg = Debug|Any CPU
		{89FD9A92-088E-4FAF-B88E-909B53F6096B}.Debug|x86.Build.0 = Debug|Any CPU
		{89FD9A92-088E-4FAF-B88E-909B53F6096B}.Release|Any CPU.ActiveCfg = Release|Any CPU
		{89FD9A92-088E-4FAF-B88E-909B53F6096B}.Release|Any CPU.Build.0 = Release|Any CPU
		{89FD9A92-088E-4FAF-B88E-909B53F6096B}.Release|x64.ActiveCfg = Release|Any CPU
		{89FD9A92-088E-4FAF-B88E-909B53F6096B}.Release|x64.Build.0 = Release|Any CPU
		{89FD9A92-088E-4FAF-B88E-909B53F6096B}.Release|x86.ActiveCfg = Release|Any CPU
		{89FD9A92-088E-4FAF-B88E-909B53F6096B}.Release|x86.Build.0 = Release|Any CPU
		{9AF1A7B9-B2ED-4113-9FED-7C59B258067A}.Debug|Any CPU.ActiveCfg = Debug|Any CPU
		{9AF1A7B9-B2ED-4113-9FED-7C59B258067A}.Debug|Any CPU.Build.0 = Debug|Any CPU
		{9AF1A7B9-B2ED-4113-9FED-7C59B258067A}.Debug|x64.ActiveCfg = Debug|Any CPU
		{9AF1A7B9-B2ED-4113-9FED-7C59B258067A}.Debug|x64.Build.0 = Debug|Any CPU
		{9AF1A7B9-B2ED-4113-9FED-7C59B258067A}.Debug|x86.ActiveCfg = Debug|Any CPU
		{9AF1A7B9-B2ED-4113-9FED-7C59B258067A}.Debug|x86.Build.0 = Debug|Any CPU
		{9AF1A7B9-B2ED-4113-9FED-7C59B258067A}.Release|Any CPU.ActiveCfg = Release|Any CPU
		{9AF1A7B9-B2ED-4113-9FED-7C59B258067A}.Release|Any CPU.Build.0 = Release|Any CPU
		{9AF1A7B9-B2ED-4113-9FED-7C59B258067A}.Release|x64.ActiveCfg = Release|Any CPU
		{9AF1A7B9-B2ED-4113-9FED-7C59B258067A}.Release|x64.Build.0 = Release|Any CPU
		{9AF1A7B9-B2ED-4113-9FED-7C59B258067A}.Release|x86.ActiveCfg = Release|Any CPU
		{9AF1A7B9-B2ED-4113-9FED-7C59B258067A}.Release|x86.Build.0 = Release|Any CPU
		{6A16D52D-2D00-428B-9FE2-4804A5F6A1E6}.Debug|Any CPU.ActiveCfg = Debug|Any CPU
		{6A16D52D-2D00-428B-9FE2-4804A5F6A1E6}.Debug|Any CPU.Build.0 = Debug|Any CPU
		{6A16D52D-2D00-428B-9FE2-4804A5F6A1E6}.Debug|x64.ActiveCfg = Debug|Any CPU
		{6A16D52D-2D00-428B-9FE2-4804A5F6A1E6}.Debug|x64.Build.0 = Debug|Any CPU
		{6A16D52D-2D00-428B-9FE2-4804A5F6A1E6}.Debug|x86.ActiveCfg = Debug|Any CPU
		{6A16D52D-2D00-428B-9FE2-4804A5F6A1E6}.Debug|x86.Build.0 = Debug|Any CPU
		{6A16D52D-2D00-428B-9FE2-4804A5F6A1E6}.Release|Any CPU.ActiveCfg = Release|Any CPU
		{6A16D52D-2D00-428B-9FE2-4804A5F6A1E6}.Release|Any CPU.Build.0 = Release|Any CPU
		{6A16D52D-2D00-428B-9FE2-4804A5F6A1E6}.Release|x64.ActiveCfg = Release|Any CPU
		{6A16D52D-2D00-428B-9FE2-4804A5F6A1E6}.Release|x64.Build.0 = Release|Any CPU
		{6A16D52D-2D00-428B-9FE2-4804A5F6A1E6}.Release|x86.ActiveCfg = Release|Any CPU
		{6A16D52D-2D00-428B-9FE2-4804A5F6A1E6}.Release|x86.Build.0 = Release|Any CPU
		{6137E2F1-97B2-4F43-B643-6652014DF5B7}.Debug|Any CPU.ActiveCfg = Debug|Any CPU
		{6137E2F1-97B2-4F43-B643-6652014DF5B7}.Debug|Any CPU.Build.0 = Debug|Any CPU
		{6137E2F1-97B2-4F43-B643-6652014DF5B7}.Debug|x64.ActiveCfg = Debug|Any CPU
		{6137E2F1-97B2-4F43-B643-6652014DF5B7}.Debug|x64.Build.0 = Debug|Any CPU
		{6137E2F1-97B2-4F43-B643-6652014DF5B7}.Debug|x86.ActiveCfg = Debug|Any CPU
		{6137E2F1-97B2-4F43-B643-6652014DF5B7}.Debug|x86.Build.0 = Debug|Any CPU
		{6137E2F1-97B2-4F43-B643-6652014DF5B7}.Release|Any CPU.ActiveCfg = Release|Any CPU
		{6137E2F1-97B2-4F43-B643-6652014DF5B7}.Release|Any CPU.Build.0 = Release|Any CPU
		{6137E2F1-97B2-4F43-B643-6652014DF5B7}.Release|x64.ActiveCfg = Release|Any CPU
		{6137E2F1-97B2-4F43-B643-6652014DF5B7}.Release|x64.Build.0 = Release|Any CPU
		{6137E2F1-97B2-4F43-B643-6652014DF5B7}.Release|x86.ActiveCfg = Release|Any CPU
		{6137E2F1-97B2-4F43-B643-6652014DF5B7}.Release|x86.Build.0 = Release|Any CPU
		{9F8356A0-583E-4887-A625-35016C8FAE6D}.Debug|Any CPU.ActiveCfg = Debug|Any CPU
		{9F8356A0-583E-4887-A625-35016C8FAE6D}.Debug|Any CPU.Build.0 = Debug|Any CPU
		{9F8356A0-583E-4887-A625-35016C8FAE6D}.Debug|x64.ActiveCfg = Debug|Any CPU
		{9F8356A0-583E-4887-A625-35016C8FAE6D}.Debug|x64.Build.0 = Debug|Any CPU
		{9F8356A0-583E-4887-A625-35016C8FAE6D}.Debug|x86.ActiveCfg = Debug|Any CPU
		{9F8356A0-583E-4887-A625-35016C8FAE6D}.Debug|x86.Build.0 = Debug|Any CPU
		{9F8356A0-583E-4887-A625-35016C8FAE6D}.Release|Any CPU.ActiveCfg = Release|Any CPU
		{9F8356A0-583E-4887-A625-35016C8FAE6D}.Release|Any CPU.Build.0 = Release|Any CPU
		{9F8356A0-583E-4887-A625-35016C8FAE6D}.Release|x64.ActiveCfg = Release|Any CPU
		{9F8356A0-583E-4887-A625-35016C8FAE6D}.Release|x64.Build.0 = Release|Any CPU
		{9F8356A0-583E-4887-A625-35016C8FAE6D}.Release|x86.ActiveCfg = Release|Any CPU
		{9F8356A0-583E-4887-A625-35016C8FAE6D}.Release|x86.Build.0 = Release|Any CPU
		{C6C9D9B1-EC85-43D8-93AD-2F2DB6BAE2CD}.Debug|Any CPU.ActiveCfg = Debug|Any CPU
		{C6C9D9B1-EC85-43D8-93AD-2F2DB6BAE2CD}.Debug|Any CPU.Build.0 = Debug|Any CPU
		{C6C9D9B1-EC85-43D8-93AD-2F2DB6BAE2CD}.Debug|x64.ActiveCfg = Debug|Any CPU
		{C6C9D9B1-EC85-43D8-93AD-2F2DB6BAE2CD}.Debug|x64.Build.0 = Debug|Any CPU
		{C6C9D9B1-EC85-43D8-93AD-2F2DB6BAE2CD}.Debug|x86.ActiveCfg = Debug|Any CPU
		{C6C9D9B1-EC85-43D8-93AD-2F2DB6BAE2CD}.Debug|x86.Build.0 = Debug|Any CPU
		{C6C9D9B1-EC85-43D8-93AD-2F2DB6BAE2CD}.Release|Any CPU.ActiveCfg = Release|Any CPU
		{C6C9D9B1-EC85-43D8-93AD-2F2DB6BAE2CD}.Release|Any CPU.Build.0 = Release|Any CPU
		{C6C9D9B1-EC85-43D8-93AD-2F2DB6BAE2CD}.Release|x64.ActiveCfg = Release|Any CPU
		{C6C9D9B1-EC85-43D8-93AD-2F2DB6BAE2CD}.Release|x64.Build.0 = Release|Any CPU
		{C6C9D9B1-EC85-43D8-93AD-2F2DB6BAE2CD}.Release|x86.ActiveCfg = Release|Any CPU
		{C6C9D9B1-EC85-43D8-93AD-2F2DB6BAE2CD}.Release|x86.Build.0 = Release|Any CPU
		{57EAF354-7C72-4D33-8171-1E6F2D29D51C}.Debug|Any CPU.ActiveCfg = Debug|Any CPU
		{57EAF354-7C72-4D33-8171-1E6F2D29D51C}.Debug|Any CPU.Build.0 = Debug|Any CPU
		{57EAF354-7C72-4D33-8171-1E6F2D29D51C}.Debug|x64.ActiveCfg = Debug|Any CPU
		{57EAF354-7C72-4D33-8171-1E6F2D29D51C}.Debug|x64.Build.0 = Debug|Any CPU
		{57EAF354-7C72-4D33-8171-1E6F2D29D51C}.Debug|x86.ActiveCfg = Debug|Any CPU
		{57EAF354-7C72-4D33-8171-1E6F2D29D51C}.Debug|x86.Build.0 = Debug|Any CPU
		{57EAF354-7C72-4D33-8171-1E6F2D29D51C}.Release|Any CPU.ActiveCfg = Release|Any CPU
		{57EAF354-7C72-4D33-8171-1E6F2D29D51C}.Release|Any CPU.Build.0 = Release|Any CPU
		{57EAF354-7C72-4D33-8171-1E6F2D29D51C}.Release|x64.ActiveCfg = Release|Any CPU
		{57EAF354-7C72-4D33-8171-1E6F2D29D51C}.Release|x64.Build.0 = Release|Any CPU
		{57EAF354-7C72-4D33-8171-1E6F2D29D51C}.Release|x86.ActiveCfg = Release|Any CPU
		{57EAF354-7C72-4D33-8171-1E6F2D29D51C}.Release|x86.Build.0 = Release|Any CPU
		{3D0BB595-A610-4D35-9288-1F0ECCECD16E}.Debug|Any CPU.ActiveCfg = Debug|Any CPU
		{3D0BB595-A610-4D35-9288-1F0ECCECD16E}.Debug|Any CPU.Build.0 = Debug|Any CPU
		{3D0BB595-A610-4D35-9288-1F0ECCECD16E}.Debug|x64.ActiveCfg = Debug|Any CPU
		{3D0BB595-A610-4D35-9288-1F0ECCECD16E}.Debug|x64.Build.0 = Debug|Any CPU
		{3D0BB595-A610-4D35-9288-1F0ECCECD16E}.Debug|x86.ActiveCfg = Debug|Any CPU
		{3D0BB595-A610-4D35-9288-1F0ECCECD16E}.Debug|x86.Build.0 = Debug|Any CPU
		{3D0BB595-A610-4D35-9288-1F0ECCECD16E}.Release|Any CPU.ActiveCfg = Release|Any CPU
		{3D0BB595-A610-4D35-9288-1F0ECCECD16E}.Release|Any CPU.Build.0 = Release|Any CPU
		{3D0BB595-A610-4D35-9288-1F0ECCECD16E}.Release|x64.ActiveCfg = Release|Any CPU
		{3D0BB595-A610-4D35-9288-1F0ECCECD16E}.Release|x64.Build.0 = Release|Any CPU
		{3D0BB595-A610-4D35-9288-1F0ECCECD16E}.Release|x86.ActiveCfg = Release|Any CPU
		{3D0BB595-A610-4D35-9288-1F0ECCECD16E}.Release|x86.Build.0 = Release|Any CPU
		{08572C07-DAAC-4F89-A991-C278B4417EAD}.Debug|Any CPU.ActiveCfg = Debug|Any CPU
		{08572C07-DAAC-4F89-A991-C278B4417EAD}.Debug|Any CPU.Build.0 = Debug|Any CPU
		{08572C07-DAAC-4F89-A991-C278B4417EAD}.Debug|x64.ActiveCfg = Debug|Any CPU
		{08572C07-DAAC-4F89-A991-C278B4417EAD}.Debug|x64.Build.0 = Debug|Any CPU
		{08572C07-DAAC-4F89-A991-C278B4417EAD}.Debug|x86.ActiveCfg = Debug|Any CPU
		{08572C07-DAAC-4F89-A991-C278B4417EAD}.Debug|x86.Build.0 = Debug|Any CPU
		{08572C07-DAAC-4F89-A991-C278B4417EAD}.Release|Any CPU.ActiveCfg = Release|Any CPU
		{08572C07-DAAC-4F89-A991-C278B4417EAD}.Release|Any CPU.Build.0 = Release|Any CPU
		{08572C07-DAAC-4F89-A991-C278B4417EAD}.Release|x64.ActiveCfg = Release|Any CPU
		{08572C07-DAAC-4F89-A991-C278B4417EAD}.Release|x64.Build.0 = Release|Any CPU
		{08572C07-DAAC-4F89-A991-C278B4417EAD}.Release|x86.ActiveCfg = Release|Any CPU
		{08572C07-DAAC-4F89-A991-C278B4417EAD}.Release|x86.Build.0 = Release|Any CPU
	EndGlobalSection
	GlobalSection(SolutionProperties) = preSolution
		HideSolutionNode = FALSE
	EndGlobalSection
	GlobalSection(NestedProjects) = preSolution
		{76F6DA9D-EAF1-4792-955B-F90184B08D9A} = {A0687ABF-5706-4141-9091-5517F4462444}
		{C4EAE589-B874-45DE-AB52-7F3BDE4CD112} = {A0687ABF-5706-4141-9091-5517F4462444}
		{30E46ABB-2782-4DFD-A28E-E7A33C79FC25} = {A0687ABF-5706-4141-9091-5517F4462444}
		{D283E7E0-2F86-417D-8C98-B5DB8D02202D} = {A0687ABF-5706-4141-9091-5517F4462444}
		{8403388E-1D74-449E-BBF3-972BAE1E2AE9} = {A0687ABF-5706-4141-9091-5517F4462444}
		{BE329BAC-5AA2-4621-96BB-DE7A32E673BA} = {A0687ABF-5706-4141-9091-5517F4462444}
		{54605E1E-4CA4-4639-9D26-FA7041BE75C0} = {A0687ABF-5706-4141-9091-5517F4462444}
		{DEBE061D-444D-4360-8992-85385C7240F6} = {A0687ABF-5706-4141-9091-5517F4462444}
		{1D1C218F-DB9F-424E-B81B-E862A97ADEB9} = {A0687ABF-5706-4141-9091-5517F4462444}
		{EEFDABFA-DDF1-42E3-A2F9-0B1C85FFE4A2} = {A0687ABF-5706-4141-9091-5517F4462444}
		{368B54F7-5FF2-4FA3-ABE9-983370545EDD} = {A0687ABF-5706-4141-9091-5517F4462444}
		{9CEC646F-C546-46EE-B5C2-5EA22F060383} = {A0687ABF-5706-4141-9091-5517F4462444}
		{A93ECE2F-EABA-4D01-84FB-E67CB9C61DDA} = {A0687ABF-5706-4141-9091-5517F4462444}
		{89FD9A92-088E-4FAF-B88E-909B53F6096B} = {A0687ABF-5706-4141-9091-5517F4462444}
		{9AF1A7B9-B2ED-4113-9FED-7C59B258067A} = {A0687ABF-5706-4141-9091-5517F4462444}
		{6A16D52D-2D00-428B-9FE2-4804A5F6A1E6} = {A0687ABF-5706-4141-9091-5517F4462444}
		{6137E2F1-97B2-4F43-B643-6652014DF5B7} = {A0687ABF-5706-4141-9091-5517F4462444}
		{9F8356A0-583E-4887-A625-35016C8FAE6D} = {A0687ABF-5706-4141-9091-5517F4462444}
		{C6C9D9B1-EC85-43D8-93AD-2F2DB6BAE2CD} = {A0687ABF-5706-4141-9091-5517F4462444}
		{57EAF354-7C72-4D33-8171-1E6F2D29D51C} = {A0687ABF-5706-4141-9091-5517F4462444}
		{3D0BB595-A610-4D35-9288-1F0ECCECD16E} = {A0687ABF-5706-4141-9091-5517F4462444}
		{08572C07-DAAC-4F89-A991-C278B4417EAD} = {A0687ABF-5706-4141-9091-5517F4462444}
	EndGlobalSection
	GlobalSection(ExtensibilityGlobals) = postSolution
		SolutionGuid = {510CFE89-3854-474C-AC9B-EFE51DA5AE55}
	EndGlobalSection
EndGlobal
