
Microsoft Visual Studio Solution File, Format Version 12.00
# Visual Studio Version 16
VisualStudioVersion = 16.6.30114.105
MinimumVisualStudioVersion = 10.0.40219.1
Project("{FAE04EC0-301F-11D3-BF4B-00C04F79EFBC}") = "R5T.D0108.Construction", "R5T.D0108.Construction\R5T.D0108.Construction.csproj", "{F9FAE477-9102-4BF9-B952-E340885C2482}"
EndProject
Project("{2150E333-8FDC-42A3-9474-1A3956D46DE8}") = "_Dependencies", "_Dependencies", "{2431C5A0-A260-4211-B3E0-5665DA7648E4}"
EndProject
Project("{FAE04EC0-301F-11D3-BF4B-00C04F79EFBC}") = "R5T.Plymouth.ProgramAsAService", "..\..\R5T.Plymouth\source\R5T.Plymouth.ProgramAsAService\R5T.Plymouth.ProgramAsAService.csproj", "{5BE0DDFA-868E-48B8-973F-DBD224A07EA5}"
EndProject
Project("{FAE04EC0-301F-11D3-BF4B-00C04F79EFBC}") = "R5T.T0027.T009", "..\..\R5T.T0027\source\R5T.T0027.T009\R5T.T0027.T009.csproj", "{4F9B3518-CD91-4839-9DB8-D328532E28B6}"
EndProject
Project("{FAE04EC0-301F-11D3-BF4B-00C04F79EFBC}") = "R5T.D0108.I001", "R5T.D0108.I001\R5T.D0108.I001.csproj", "{65D6AD81-C68D-417B-8986-EE5771E7EDEC}"
EndProject
Project("{FAE04EC0-301F-11D3-BF4B-00C04F79EFBC}") = "R5T.D0108.Base", "R5T.D0108.Base\R5T.D0108.Base.csproj", "{76FAE65E-AAF1-49BD-996E-4F2964B9D4C9}"
EndProject
Project("{FAE04EC0-301F-11D3-BF4B-00C04F79EFBC}") = "R5T.Dacia.Extensions", "..\..\R5T.Dacia.Extensions\source\R5T.Dacia.Extensions\R5T.Dacia.Extensions.csproj", "{74B93A74-082F-4E90-BCD4-D184A654A042}"
EndProject
Project("{FAE04EC0-301F-11D3-BF4B-00C04F79EFBC}") = "R5T.Dacia.T002", "..\..\R5T.Dacia\source\R5T.Dacia.T002\R5T.Dacia.T002.csproj", "{2604679C-A17B-4AAA-9B56-FF8B79B257B7}"
EndProject
Global
	GlobalSection(SolutionConfigurationPlatforms) = preSolution
		Debug|Any CPU = Debug|Any CPU
		Debug|x64 = Debug|x64
		Debug|x86 = Debug|x86
		Release|Any CPU = Release|Any CPU
		Release|x64 = Release|x64
		Release|x86 = Release|x86
	EndGlobalSection
	GlobalSection(SolutionProperties) = preSolution
		HideSolutionNode = FALSE
	EndGlobalSection
	GlobalSection(ProjectConfigurationPlatforms) = postSolution
		{F9FAE477-9102-4BF9-B952-E340885C2482}.Debug|Any CPU.ActiveCfg = Debug|Any CPU
		{F9FAE477-9102-4BF9-B952-E340885C2482}.Debug|Any CPU.Build.0 = Debug|Any CPU
		{F9FAE477-9102-4BF9-B952-E340885C2482}.Debug|x64.ActiveCfg = Debug|Any CPU
		{F9FAE477-9102-4BF9-B952-E340885C2482}.Debug|x64.Build.0 = Debug|Any CPU
		{F9FAE477-9102-4BF9-B952-E340885C2482}.Debug|x86.ActiveCfg = Debug|Any CPU
		{F9FAE477-9102-4BF9-B952-E340885C2482}.Debug|x86.Build.0 = Debug|Any CPU
		{F9FAE477-9102-4BF9-B952-E340885C2482}.Release|Any CPU.ActiveCfg = Release|Any CPU
		{F9FAE477-9102-4BF9-B952-E340885C2482}.Release|Any CPU.Build.0 = Release|Any CPU
		{F9FAE477-9102-4BF9-B952-E340885C2482}.Release|x64.ActiveCfg = Release|Any CPU
		{F9FAE477-9102-4BF9-B952-E340885C2482}.Release|x64.Build.0 = Release|Any CPU
		{F9FAE477-9102-4BF9-B952-E340885C2482}.Release|x86.ActiveCfg = Release|Any CPU
		{F9FAE477-9102-4BF9-B952-E340885C2482}.Release|x86.Build.0 = Release|Any CPU
		{5BE0DDFA-868E-48B8-973F-DBD224A07EA5}.Debug|Any CPU.ActiveCfg = Debug|Any CPU
		{5BE0DDFA-868E-48B8-973F-DBD224A07EA5}.Debug|Any CPU.Build.0 = Debug|Any CPU
		{5BE0DDFA-868E-48B8-973F-DBD224A07EA5}.Debug|x64.ActiveCfg = Debug|Any CPU
		{5BE0DDFA-868E-48B8-973F-DBD224A07EA5}.Debug|x64.Build.0 = Debug|Any CPU
		{5BE0DDFA-868E-48B8-973F-DBD224A07EA5}.Debug|x86.ActiveCfg = Debug|Any CPU
		{5BE0DDFA-868E-48B8-973F-DBD224A07EA5}.Debug|x86.Build.0 = Debug|Any CPU
		{5BE0DDFA-868E-48B8-973F-DBD224A07EA5}.Release|Any CPU.ActiveCfg = Release|Any CPU
		{5BE0DDFA-868E-48B8-973F-DBD224A07EA5}.Release|Any CPU.Build.0 = Release|Any CPU
		{5BE0DDFA-868E-48B8-973F-DBD224A07EA5}.Release|x64.ActiveCfg = Release|Any CPU
		{5BE0DDFA-868E-48B8-973F-DBD224A07EA5}.Release|x64.Build.0 = Release|Any CPU
		{5BE0DDFA-868E-48B8-973F-DBD224A07EA5}.Release|x86.ActiveCfg = Release|Any CPU
		{5BE0DDFA-868E-48B8-973F-DBD224A07EA5}.Release|x86.Build.0 = Release|Any CPU
		{4F9B3518-CD91-4839-9DB8-D328532E28B6}.Debug|Any CPU.ActiveCfg = Debug|Any CPU
		{4F9B3518-CD91-4839-9DB8-D328532E28B6}.Debug|Any CPU.Build.0 = Debug|Any CPU
		{4F9B3518-CD91-4839-9DB8-D328532E28B6}.Debug|x64.ActiveCfg = Debug|Any CPU
		{4F9B3518-CD91-4839-9DB8-D328532E28B6}.Debug|x64.Build.0 = Debug|Any CPU
		{4F9B3518-CD91-4839-9DB8-D328532E28B6}.Debug|x86.ActiveCfg = Debug|Any CPU
		{4F9B3518-CD91-4839-9DB8-D328532E28B6}.Debug|x86.Build.0 = Debug|Any CPU
		{4F9B3518-CD91-4839-9DB8-D328532E28B6}.Release|Any CPU.ActiveCfg = Release|Any CPU
		{4F9B3518-CD91-4839-9DB8-D328532E28B6}.Release|Any CPU.Build.0 = Release|Any CPU
		{4F9B3518-CD91-4839-9DB8-D328532E28B6}.Release|x64.ActiveCfg = Release|Any CPU
		{4F9B3518-CD91-4839-9DB8-D328532E28B6}.Release|x64.Build.0 = Release|Any CPU
		{4F9B3518-CD91-4839-9DB8-D328532E28B6}.Release|x86.ActiveCfg = Release|Any CPU
		{4F9B3518-CD91-4839-9DB8-D328532E28B6}.Release|x86.Build.0 = Release|Any CPU
		{65D6AD81-C68D-417B-8986-EE5771E7EDEC}.Debug|Any CPU.ActiveCfg = Debug|Any CPU
		{65D6AD81-C68D-417B-8986-EE5771E7EDEC}.Debug|Any CPU.Build.0 = Debug|Any CPU
		{65D6AD81-C68D-417B-8986-EE5771E7EDEC}.Debug|x64.ActiveCfg = Debug|Any CPU
		{65D6AD81-C68D-417B-8986-EE5771E7EDEC}.Debug|x64.Build.0 = Debug|Any CPU
		{65D6AD81-C68D-417B-8986-EE5771E7EDEC}.Debug|x86.ActiveCfg = Debug|Any CPU
		{65D6AD81-C68D-417B-8986-EE5771E7EDEC}.Debug|x86.Build.0 = Debug|Any CPU
		{65D6AD81-C68D-417B-8986-EE5771E7EDEC}.Release|Any CPU.ActiveCfg = Release|Any CPU
		{65D6AD81-C68D-417B-8986-EE5771E7EDEC}.Release|Any CPU.Build.0 = Release|Any CPU
		{65D6AD81-C68D-417B-8986-EE5771E7EDEC}.Release|x64.ActiveCfg = Release|Any CPU
		{65D6AD81-C68D-417B-8986-EE5771E7EDEC}.Release|x64.Build.0 = Release|Any CPU
		{65D6AD81-C68D-417B-8986-EE5771E7EDEC}.Release|x86.ActiveCfg = Release|Any CPU
		{65D6AD81-C68D-417B-8986-EE5771E7EDEC}.Release|x86.Build.0 = Release|Any CPU
		{76FAE65E-AAF1-49BD-996E-4F2964B9D4C9}.Debug|Any CPU.ActiveCfg = Debug|Any CPU
		{76FAE65E-AAF1-49BD-996E-4F2964B9D4C9}.Debug|Any CPU.Build.0 = Debug|Any CPU
		{76FAE65E-AAF1-49BD-996E-4F2964B9D4C9}.Debug|x64.ActiveCfg = Debug|Any CPU
		{76FAE65E-AAF1-49BD-996E-4F2964B9D4C9}.Debug|x64.Build.0 = Debug|Any CPU
		{76FAE65E-AAF1-49BD-996E-4F2964B9D4C9}.Debug|x86.ActiveCfg = Debug|Any CPU
		{76FAE65E-AAF1-49BD-996E-4F2964B9D4C9}.Debug|x86.Build.0 = Debug|Any CPU
		{76FAE65E-AAF1-49BD-996E-4F2964B9D4C9}.Release|Any CPU.ActiveCfg = Release|Any CPU
		{76FAE65E-AAF1-49BD-996E-4F2964B9D4C9}.Release|Any CPU.Build.0 = Release|Any CPU
		{76FAE65E-AAF1-49BD-996E-4F2964B9D4C9}.Release|x64.ActiveCfg = Release|Any CPU
		{76FAE65E-AAF1-49BD-996E-4F2964B9D4C9}.Release|x64.Build.0 = Release|Any CPU
		{76FAE65E-AAF1-49BD-996E-4F2964B9D4C9}.Release|x86.ActiveCfg = Release|Any CPU
		{76FAE65E-AAF1-49BD-996E-4F2964B9D4C9}.Release|x86.Build.0 = Release|Any CPU
		{74B93A74-082F-4E90-BCD4-D184A654A042}.Debug|Any CPU.ActiveCfg = Debug|Any CPU
		{74B93A74-082F-4E90-BCD4-D184A654A042}.Debug|Any CPU.Build.0 = Debug|Any CPU
		{74B93A74-082F-4E90-BCD4-D184A654A042}.Debug|x64.ActiveCfg = Debug|Any CPU
		{74B93A74-082F-4E90-BCD4-D184A654A042}.Debug|x64.Build.0 = Debug|Any CPU
		{74B93A74-082F-4E90-BCD4-D184A654A042}.Debug|x86.ActiveCfg = Debug|Any CPU
		{74B93A74-082F-4E90-BCD4-D184A654A042}.Debug|x86.Build.0 = Debug|Any CPU
		{74B93A74-082F-4E90-BCD4-D184A654A042}.Release|Any CPU.ActiveCfg = Release|Any CPU
		{74B93A74-082F-4E90-BCD4-D184A654A042}.Release|Any CPU.Build.0 = Release|Any CPU
		{74B93A74-082F-4E90-BCD4-D184A654A042}.Release|x64.ActiveCfg = Release|Any CPU
		{74B93A74-082F-4E90-BCD4-D184A654A042}.Release|x64.Build.0 = Release|Any CPU
		{74B93A74-082F-4E90-BCD4-D184A654A042}.Release|x86.ActiveCfg = Release|Any CPU
		{74B93A74-082F-4E90-BCD4-D184A654A042}.Release|x86.Build.0 = Release|Any CPU
		{2604679C-A17B-4AAA-9B56-FF8B79B257B7}.Debug|Any CPU.ActiveCfg = Debug|Any CPU
		{2604679C-A17B-4AAA-9B56-FF8B79B257B7}.Debug|Any CPU.Build.0 = Debug|Any CPU
		{2604679C-A17B-4AAA-9B56-FF8B79B257B7}.Debug|x64.ActiveCfg = Debug|Any CPU
		{2604679C-A17B-4AAA-9B56-FF8B79B257B7}.Debug|x64.Build.0 = Debug|Any CPU
		{2604679C-A17B-4AAA-9B56-FF8B79B257B7}.Debug|x86.ActiveCfg = Debug|Any CPU
		{2604679C-A17B-4AAA-9B56-FF8B79B257B7}.Debug|x86.Build.0 = Debug|Any CPU
		{2604679C-A17B-4AAA-9B56-FF8B79B257B7}.Release|Any CPU.ActiveCfg = Release|Any CPU
		{2604679C-A17B-4AAA-9B56-FF8B79B257B7}.Release|Any CPU.Build.0 = Release|Any CPU
		{2604679C-A17B-4AAA-9B56-FF8B79B257B7}.Release|x64.ActiveCfg = Release|Any CPU
		{2604679C-A17B-4AAA-9B56-FF8B79B257B7}.Release|x64.Build.0 = Release|Any CPU
		{2604679C-A17B-4AAA-9B56-FF8B79B257B7}.Release|x86.ActiveCfg = Release|Any CPU
		{2604679C-A17B-4AAA-9B56-FF8B79B257B7}.Release|x86.Build.0 = Release|Any CPU
	EndGlobalSection
	GlobalSection(NestedProjects) = preSolution
		{5BE0DDFA-868E-48B8-973F-DBD224A07EA5} = {2431C5A0-A260-4211-B3E0-5665DA7648E4}
		{4F9B3518-CD91-4839-9DB8-D328532E28B6} = {2431C5A0-A260-4211-B3E0-5665DA7648E4}
		{74B93A74-082F-4E90-BCD4-D184A654A042} = {2431C5A0-A260-4211-B3E0-5665DA7648E4}
		{2604679C-A17B-4AAA-9B56-FF8B79B257B7} = {2431C5A0-A260-4211-B3E0-5665DA7648E4}
	EndGlobalSection
EndGlobal
