
Microsoft Visual Studio Solution File, Format Version 12.00
# Visual Studio Version 17
VisualStudioVersion = 17.2.32630.192
MinimumVisualStudioVersion = 10.0.40219.1
Project("{FAE04EC0-301F-11D3-BF4B-00C04F79EFBC}") = "R5T.D0108.A001", "R5T.D0108.A001\R5T.D0108.A001.csproj", "{61E22D21-BC39-4BDA-8107-65FA8CF33901}"
EndProject
Project("{FAE04EC0-301F-11D3-BF4B-00C04F79EFBC}") = "R5T.D0108.I001", "R5T.D0108.I001\R5T.D0108.I001.csproj", "{112F7A92-35F6-4AB5-82ED-7A3AEC47FDC2}"
EndProject
Project("{FAE04EC0-301F-11D3-BF4B-00C04F79EFBC}") = "R5T.D0108.Base", "R5T.D0108.Base\R5T.D0108.Base.csproj", "{139A38CE-2001-4275-92DE-11F947EE1A30}"
EndProject
Project("{2150E333-8FDC-42A3-9474-1A3956D46DE8}") = "_Dependencies", "_Dependencies", "{80E17D36-8D02-4073-A539-966FD07A64A1}"
EndProject
Project("{FAE04EC0-301F-11D3-BF4B-00C04F79EFBC}") = "R5T.Dacia.Extensions", "..\..\R5T.Dacia.Extensions\source\R5T.Dacia.Extensions\R5T.Dacia.Extensions.csproj", "{9AD866E3-CA6F-4BC5-874D-167B5017D509}"
EndProject
Project("{FAE04EC0-301F-11D3-BF4B-00C04F79EFBC}") = "R5T.Dacia.T002", "..\..\R5T.Dacia\source\R5T.Dacia.T002\R5T.Dacia.T002.csproj", "{ECAF3303-C3E2-44DD-AAEF-6B9035892BE5}"
EndProject
Project("{9A19103F-16F7-4668-BE54-9A1E7A4F7556}") = "R5T.Dacia", "..\..\R5T.Dacia\source\R5T.Dacia\R5T.Dacia.csproj", "{265829BC-50A7-473D-AD40-E04A7D2D57F4}"
EndProject
Project("{9A19103F-16F7-4668-BE54-9A1E7A4F7556}") = "R5T.L0013", "..\..\R5T.L0013\source\R5T.L0013\R5T.L0013.csproj", "{4E6E6024-5E9A-4D13-8468-4BF7DF073E5B}"
EndProject
Project("{9A19103F-16F7-4668-BE54-9A1E7A4F7556}") = "R5T.L0019.X001", "..\..\R5T.L0019\source\R5T.L0019.X001\R5T.L0019.X001.csproj", "{93CC219D-D272-482D-895E-BB9964C22942}"
EndProject
Project("{9A19103F-16F7-4668-BE54-9A1E7A4F7556}") = "R5T.L0019", "..\..\R5T.L0019\source\R5T.L0019\R5T.L0019.csproj", "{AA6B91D7-2DF2-41EF-810B-4241D69C1DEC}"
EndProject
Project("{9A19103F-16F7-4668-BE54-9A1E7A4F7556}") = "R5T.Magyar.X000", "..\..\R5T.Magyar\source\R5T.Magyar.X000\R5T.Magyar.X000.csproj", "{8ED2CF63-E802-4935-B09E-F0295EE97227}"
EndProject
Project("{9A19103F-16F7-4668-BE54-9A1E7A4F7556}") = "R5T.Magyar", "..\..\R5T.Magyar\source\R5T.Magyar\R5T.Magyar.csproj", "{FA3844C5-F0D0-4429-AC41-F2D634E98550}"
EndProject
Project("{9A19103F-16F7-4668-BE54-9A1E7A4F7556}") = "R5T.T0039.T002", "..\..\R5T.T0039\source\R5T.T0039.T002\R5T.T0039.T002.csproj", "{0EA8FCF5-1E4F-405F-97B9-8E25C3D3C60F}"
EndProject
Project("{9A19103F-16F7-4668-BE54-9A1E7A4F7556}") = "R5T.T0042.X001", "..\..\R5T.T0042\source\R5T.T0042.X001\R5T.T0042.X001.csproj", "{5FD6DDB4-C801-4A03-A90F-5F07D1B20B64}"
EndProject
Project("{9A19103F-16F7-4668-BE54-9A1E7A4F7556}") = "R5T.T0042", "..\..\R5T.T0042\source\R5T.T0042\R5T.T0042.csproj", "{BEB01847-CFE4-4810-A537-5AC76D8BEA44}"
EndProject
Project("{9A19103F-16F7-4668-BE54-9A1E7A4F7556}") = "R5T.T0044.X001", "..\..\R5T.T0044\source\R5T.T0044.X001\R5T.T0044.X001.csproj", "{4E22A174-F078-4F9A-B673-0946D6D4535F}"
EndProject
Project("{9A19103F-16F7-4668-BE54-9A1E7A4F7556}") = "R5T.T0044", "..\..\R5T.T0044\source\R5T.T0044\R5T.T0044.csproj", "{D7F1B840-DDA7-456F-9117-DCFF3C23FA3E}"
EndProject
Project("{9A19103F-16F7-4668-BE54-9A1E7A4F7556}") = "R5T.T0055.X001", "..\..\R5T.T0055\source\R5T.T0055.X001\R5T.T0055.X001.csproj", "{4CB9F2CA-3DA6-4419-90E4-5743A5308484}"
EndProject
Project("{9A19103F-16F7-4668-BE54-9A1E7A4F7556}") = "R5T.T0055", "..\..\R5T.T0055\source\R5T.T0055\R5T.T0055.csproj", "{8491FF3E-736F-48BF-B6EA-647150061ABB}"
EndProject
Project("{9A19103F-16F7-4668-BE54-9A1E7A4F7556}") = "R5T.T0057.X002", "..\..\R5T.T0057\source\R5T.T0057.X002\R5T.T0057.X002.csproj", "{497392BA-4C1C-4F84-9975-FED2A77AA935}"
EndProject
Project("{9A19103F-16F7-4668-BE54-9A1E7A4F7556}") = "R5T.T0057", "..\..\R5T.T0057\source\R5T.T0057\R5T.T0057.csproj", "{59687593-86BA-45F7-BA52-EE56190C14C4}"
EndProject
Project("{9A19103F-16F7-4668-BE54-9A1E7A4F7556}") = "R5T.T0060", "..\..\R5T.T0060\source\R5T.T0060\R5T.T0060.csproj", "{DBE8E4DE-E821-42DC-9F8A-5BD01E363537}"
EndProject
Project("{9A19103F-16F7-4668-BE54-9A1E7A4F7556}") = "R5T.T0062.X001", "..\..\R5T.T0062\source\R5T.T0062.X001\R5T.T0062.X001.csproj", "{F3386758-92D2-4023-A21C-57644FF8F3AD}"
EndProject
Project("{9A19103F-16F7-4668-BE54-9A1E7A4F7556}") = "R5T.T0062", "..\..\R5T.T0062\source\R5T.T0062\R5T.T0062.csproj", "{23A8FF73-B9AD-4AAE-B931-D23657B1C4F7}"
EndProject
Project("{9A19103F-16F7-4668-BE54-9A1E7A4F7556}") = "R5T.T0063", "..\..\R5T.T0063\source\R5T.T0063\R5T.T0063.csproj", "{03AF1CDD-3FED-432F-8F06-00E9068A1B1F}"
EndProject
Project("{9A19103F-16F7-4668-BE54-9A1E7A4F7556}") = "R5T.T0064", "..\..\R5T.T0064\source\R5T.T0064\R5T.T0064.csproj", "{0329910B-FCED-45FA-BBBC-7A1A64D7B791}"
EndProject
Project("{9A19103F-16F7-4668-BE54-9A1E7A4F7556}") = "R5T.T0092.X001", "..\..\R5T.T0092\source\R5T.T0092.X001\R5T.T0092.X001.csproj", "{6BD9CB45-B8F1-4FF3-B144-4BB43BD7938A}"
EndProject
Project("{9A19103F-16F7-4668-BE54-9A1E7A4F7556}") = "R5T.T0092", "..\..\R5T.T0092\source\R5T.T0092\R5T.T0092.csproj", "{2CFB3CBF-CE3E-4E47-91F5-EA3F0242BCC2}"
EndProject
Project("{9A19103F-16F7-4668-BE54-9A1E7A4F7556}") = "R5T.T0093.X001", "..\..\R5T.T0093\source\R5T.T0093.X001\R5T.T0093.X001.csproj", "{2D5F091B-3934-4599-B1AA-637D380615D5}"
EndProject
Project("{9A19103F-16F7-4668-BE54-9A1E7A4F7556}") = "R5T.T0093", "..\..\R5T.T0093\source\R5T.T0093\R5T.T0093.csproj", "{F43012C6-0A14-4421-80C5-7C883C4B3AA5}"
EndProject
Project("{9A19103F-16F7-4668-BE54-9A1E7A4F7556}") = "R5T.T0094.X001", "..\..\R5T.T0094\source\R5T.T0094.X001\R5T.T0094.X001.csproj", "{CF07B068-B3A5-4698-B183-79837CE86B95}"
EndProject
Project("{9A19103F-16F7-4668-BE54-9A1E7A4F7556}") = "R5T.T0094", "..\..\R5T.T0094\source\R5T.T0094\R5T.T0094.csproj", "{B0365D73-CC2A-4560-8D43-DF86E0ADE1F1}"
EndProject
Project("{9A19103F-16F7-4668-BE54-9A1E7A4F7556}") = "R5T.T0098", "..\..\R5T.T0098\source\R5T.T0098\R5T.T0098.csproj", "{9C000770-E80C-4F22-8E7A-D3A8DDB2FDE1}"
EndProject
Project("{9A19103F-16F7-4668-BE54-9A1E7A4F7556}") = "R5T.T0100.X002", "..\..\R5T.T0100\source\R5T.T0100.X002\R5T.T0100.X002.csproj", "{08CF55A8-10BA-4586-A573-E7D2C74FBCA0}"
EndProject
Project("{9A19103F-16F7-4668-BE54-9A1E7A4F7556}") = "R5T.T0100", "..\..\R5T.T0100\source\R5T.T0100\R5T.T0100.csproj", "{E5979257-DCAA-4F92-A48F-F8977E015392}"
EndProject
Project("{9A19103F-16F7-4668-BE54-9A1E7A4F7556}") = "R5T.T0101.X001", "..\..\R5T.T0101\source\R5T.T0101.X001\R5T.T0101.X001.csproj", "{B2FEA7EE-CFFA-47C7-A78B-748597D4C178}"
EndProject
Project("{9A19103F-16F7-4668-BE54-9A1E7A4F7556}") = "R5T.T0101", "..\..\R5T.T0101\source\R5T.T0101\R5T.T0101.csproj", "{8915FA93-F803-45B6-9C3E-EBC2DBE4CB69}"
EndProject
Project("{9A19103F-16F7-4668-BE54-9A1E7A4F7556}") = "R5T.T0143", "..\..\R5T.T0143\source\R5T.T0143\R5T.T0143.csproj", "{8F7EEFF8-2C94-4CD5-80F2-96C74A063B77}"
EndProject
Global
	GlobalSection(NestedProjects) = preSolution
		{9AD866E3-CA6F-4BC5-874D-167B5017D509} = {80E17D36-8D02-4073-A539-966FD07A64A1}
		{ECAF3303-C3E2-44DD-AAEF-6B9035892BE5} = {80E17D36-8D02-4073-A539-966FD07A64A1}
		{265829BC-50A7-473D-AD40-E04A7D2D57F4} = {80E17D36-8D02-4073-A539-966FD07A64A1}
		{4E6E6024-5E9A-4D13-8468-4BF7DF073E5B} = {80E17D36-8D02-4073-A539-966FD07A64A1}
		{93CC219D-D272-482D-895E-BB9964C22942} = {80E17D36-8D02-4073-A539-966FD07A64A1}
		{AA6B91D7-2DF2-41EF-810B-4241D69C1DEC} = {80E17D36-8D02-4073-A539-966FD07A64A1}
		{8ED2CF63-E802-4935-B09E-F0295EE97227} = {80E17D36-8D02-4073-A539-966FD07A64A1}
		{FA3844C5-F0D0-4429-AC41-F2D634E98550} = {80E17D36-8D02-4073-A539-966FD07A64A1}
		{0EA8FCF5-1E4F-405F-97B9-8E25C3D3C60F} = {80E17D36-8D02-4073-A539-966FD07A64A1}
		{5FD6DDB4-C801-4A03-A90F-5F07D1B20B64} = {80E17D36-8D02-4073-A539-966FD07A64A1}
		{BEB01847-CFE4-4810-A537-5AC76D8BEA44} = {80E17D36-8D02-4073-A539-966FD07A64A1}
		{4E22A174-F078-4F9A-B673-0946D6D4535F} = {80E17D36-8D02-4073-A539-966FD07A64A1}
		{D7F1B840-DDA7-456F-9117-DCFF3C23FA3E} = {80E17D36-8D02-4073-A539-966FD07A64A1}
		{4CB9F2CA-3DA6-4419-90E4-5743A5308484} = {80E17D36-8D02-4073-A539-966FD07A64A1}
		{8491FF3E-736F-48BF-B6EA-647150061ABB} = {80E17D36-8D02-4073-A539-966FD07A64A1}
		{497392BA-4C1C-4F84-9975-FED2A77AA935} = {80E17D36-8D02-4073-A539-966FD07A64A1}
		{59687593-86BA-45F7-BA52-EE56190C14C4} = {80E17D36-8D02-4073-A539-966FD07A64A1}
		{DBE8E4DE-E821-42DC-9F8A-5BD01E363537} = {80E17D36-8D02-4073-A539-966FD07A64A1}
		{F3386758-92D2-4023-A21C-57644FF8F3AD} = {80E17D36-8D02-4073-A539-966FD07A64A1}
		{23A8FF73-B9AD-4AAE-B931-D23657B1C4F7} = {80E17D36-8D02-4073-A539-966FD07A64A1}
		{03AF1CDD-3FED-432F-8F06-00E9068A1B1F} = {80E17D36-8D02-4073-A539-966FD07A64A1}
		{0329910B-FCED-45FA-BBBC-7A1A64D7B791} = {80E17D36-8D02-4073-A539-966FD07A64A1}
		{6BD9CB45-B8F1-4FF3-B144-4BB43BD7938A} = {80E17D36-8D02-4073-A539-966FD07A64A1}
		{2CFB3CBF-CE3E-4E47-91F5-EA3F0242BCC2} = {80E17D36-8D02-4073-A539-966FD07A64A1}
		{2D5F091B-3934-4599-B1AA-637D380615D5} = {80E17D36-8D02-4073-A539-966FD07A64A1}
		{F43012C6-0A14-4421-80C5-7C883C4B3AA5} = {80E17D36-8D02-4073-A539-966FD07A64A1}
		{CF07B068-B3A5-4698-B183-79837CE86B95} = {80E17D36-8D02-4073-A539-966FD07A64A1}
		{B0365D73-CC2A-4560-8D43-DF86E0ADE1F1} = {80E17D36-8D02-4073-A539-966FD07A64A1}
		{9C000770-E80C-4F22-8E7A-D3A8DDB2FDE1} = {80E17D36-8D02-4073-A539-966FD07A64A1}
		{08CF55A8-10BA-4586-A573-E7D2C74FBCA0} = {80E17D36-8D02-4073-A539-966FD07A64A1}
		{E5979257-DCAA-4F92-A48F-F8977E015392} = {80E17D36-8D02-4073-A539-966FD07A64A1}
		{B2FEA7EE-CFFA-47C7-A78B-748597D4C178} = {80E17D36-8D02-4073-A539-966FD07A64A1}
		{8915FA93-F803-45B6-9C3E-EBC2DBE4CB69} = {80E17D36-8D02-4073-A539-966FD07A64A1}
		{8F7EEFF8-2C94-4CD5-80F2-96C74A063B77} = {80E17D36-8D02-4073-A539-966FD07A64A1}
	EndGlobalSection
	GlobalSection(SolutionConfigurationPlatforms) = preSolution
		Debug|Any CPU = Debug|Any CPU
		Debug|x64 = Debug|x64
		Debug|x86 = Debug|x86
		Release|Any CPU = Release|Any CPU
		Release|x64 = Release|x64
		Release|x86 = Release|x86
	EndGlobalSection
	GlobalSection(ProjectConfigurationPlatforms) = postSolution
		{61E22D21-BC39-4BDA-8107-65FA8CF33901}.Debug|Any CPU.ActiveCfg = Debug|Any CPU
		{61E22D21-BC39-4BDA-8107-65FA8CF33901}.Debug|Any CPU.Build.0 = Debug|Any CPU
		{61E22D21-BC39-4BDA-8107-65FA8CF33901}.Debug|x64.ActiveCfg = Debug|Any CPU
		{61E22D21-BC39-4BDA-8107-65FA8CF33901}.Debug|x64.Build.0 = Debug|Any CPU
		{61E22D21-BC39-4BDA-8107-65FA8CF33901}.Debug|x86.ActiveCfg = Debug|Any CPU
		{61E22D21-BC39-4BDA-8107-65FA8CF33901}.Debug|x86.Build.0 = Debug|Any CPU
		{61E22D21-BC39-4BDA-8107-65FA8CF33901}.Release|Any CPU.ActiveCfg = Release|Any CPU
		{61E22D21-BC39-4BDA-8107-65FA8CF33901}.Release|Any CPU.Build.0 = Release|Any CPU
		{61E22D21-BC39-4BDA-8107-65FA8CF33901}.Release|x64.ActiveCfg = Release|Any CPU
		{61E22D21-BC39-4BDA-8107-65FA8CF33901}.Release|x64.Build.0 = Release|Any CPU
		{61E22D21-BC39-4BDA-8107-65FA8CF33901}.Release|x86.ActiveCfg = Release|Any CPU
		{61E22D21-BC39-4BDA-8107-65FA8CF33901}.Release|x86.Build.0 = Release|Any CPU
		{112F7A92-35F6-4AB5-82ED-7A3AEC47FDC2}.Debug|Any CPU.ActiveCfg = Debug|Any CPU
		{112F7A92-35F6-4AB5-82ED-7A3AEC47FDC2}.Debug|Any CPU.Build.0 = Debug|Any CPU
		{112F7A92-35F6-4AB5-82ED-7A3AEC47FDC2}.Debug|x64.ActiveCfg = Debug|Any CPU
		{112F7A92-35F6-4AB5-82ED-7A3AEC47FDC2}.Debug|x64.Build.0 = Debug|Any CPU
		{112F7A92-35F6-4AB5-82ED-7A3AEC47FDC2}.Debug|x86.ActiveCfg = Debug|Any CPU
		{112F7A92-35F6-4AB5-82ED-7A3AEC47FDC2}.Debug|x86.Build.0 = Debug|Any CPU
		{112F7A92-35F6-4AB5-82ED-7A3AEC47FDC2}.Release|Any CPU.ActiveCfg = Release|Any CPU
		{112F7A92-35F6-4AB5-82ED-7A3AEC47FDC2}.Release|Any CPU.Build.0 = Release|Any CPU
		{112F7A92-35F6-4AB5-82ED-7A3AEC47FDC2}.Release|x64.ActiveCfg = Release|Any CPU
		{112F7A92-35F6-4AB5-82ED-7A3AEC47FDC2}.Release|x64.Build.0 = Release|Any CPU
		{112F7A92-35F6-4AB5-82ED-7A3AEC47FDC2}.Release|x86.ActiveCfg = Release|Any CPU
		{112F7A92-35F6-4AB5-82ED-7A3AEC47FDC2}.Release|x86.Build.0 = Release|Any CPU
		{139A38CE-2001-4275-92DE-11F947EE1A30}.Debug|Any CPU.ActiveCfg = Debug|Any CPU
		{139A38CE-2001-4275-92DE-11F947EE1A30}.Debug|Any CPU.Build.0 = Debug|Any CPU
		{139A38CE-2001-4275-92DE-11F947EE1A30}.Debug|x64.ActiveCfg = Debug|Any CPU
		{139A38CE-2001-4275-92DE-11F947EE1A30}.Debug|x64.Build.0 = Debug|Any CPU
		{139A38CE-2001-4275-92DE-11F947EE1A30}.Debug|x86.ActiveCfg = Debug|Any CPU
		{139A38CE-2001-4275-92DE-11F947EE1A30}.Debug|x86.Build.0 = Debug|Any CPU
		{139A38CE-2001-4275-92DE-11F947EE1A30}.Release|Any CPU.ActiveCfg = Release|Any CPU
		{139A38CE-2001-4275-92DE-11F947EE1A30}.Release|Any CPU.Build.0 = Release|Any CPU
		{139A38CE-2001-4275-92DE-11F947EE1A30}.Release|x64.ActiveCfg = Release|Any CPU
		{139A38CE-2001-4275-92DE-11F947EE1A30}.Release|x64.Build.0 = Release|Any CPU
		{139A38CE-2001-4275-92DE-11F947EE1A30}.Release|x86.ActiveCfg = Release|Any CPU
		{139A38CE-2001-4275-92DE-11F947EE1A30}.Release|x86.Build.0 = Release|Any CPU
		{9AD866E3-CA6F-4BC5-874D-167B5017D509}.Debug|Any CPU.ActiveCfg = Debug|Any CPU
		{9AD866E3-CA6F-4BC5-874D-167B5017D509}.Debug|Any CPU.Build.0 = Debug|Any CPU
		{9AD866E3-CA6F-4BC5-874D-167B5017D509}.Debug|x64.ActiveCfg = Debug|Any CPU
		{9AD866E3-CA6F-4BC5-874D-167B5017D509}.Debug|x64.Build.0 = Debug|Any CPU
		{9AD866E3-CA6F-4BC5-874D-167B5017D509}.Debug|x86.ActiveCfg = Debug|Any CPU
		{9AD866E3-CA6F-4BC5-874D-167B5017D509}.Debug|x86.Build.0 = Debug|Any CPU
		{9AD866E3-CA6F-4BC5-874D-167B5017D509}.Release|Any CPU.ActiveCfg = Release|Any CPU
		{9AD866E3-CA6F-4BC5-874D-167B5017D509}.Release|Any CPU.Build.0 = Release|Any CPU
		{9AD866E3-CA6F-4BC5-874D-167B5017D509}.Release|x64.ActiveCfg = Release|Any CPU
		{9AD866E3-CA6F-4BC5-874D-167B5017D509}.Release|x64.Build.0 = Release|Any CPU
		{9AD866E3-CA6F-4BC5-874D-167B5017D509}.Release|x86.ActiveCfg = Release|Any CPU
		{9AD866E3-CA6F-4BC5-874D-167B5017D509}.Release|x86.Build.0 = Release|Any CPU
		{ECAF3303-C3E2-44DD-AAEF-6B9035892BE5}.Debug|Any CPU.ActiveCfg = Debug|Any CPU
		{ECAF3303-C3E2-44DD-AAEF-6B9035892BE5}.Debug|Any CPU.Build.0 = Debug|Any CPU
		{ECAF3303-C3E2-44DD-AAEF-6B9035892BE5}.Debug|x64.ActiveCfg = Debug|Any CPU
		{ECAF3303-C3E2-44DD-AAEF-6B9035892BE5}.Debug|x64.Build.0 = Debug|Any CPU
		{ECAF3303-C3E2-44DD-AAEF-6B9035892BE5}.Debug|x86.ActiveCfg = Debug|Any CPU
		{ECAF3303-C3E2-44DD-AAEF-6B9035892BE5}.Debug|x86.Build.0 = Debug|Any CPU
		{ECAF3303-C3E2-44DD-AAEF-6B9035892BE5}.Release|Any CPU.ActiveCfg = Release|Any CPU
		{ECAF3303-C3E2-44DD-AAEF-6B9035892BE5}.Release|Any CPU.Build.0 = Release|Any CPU
		{ECAF3303-C3E2-44DD-AAEF-6B9035892BE5}.Release|x64.ActiveCfg = Release|Any CPU
		{ECAF3303-C3E2-44DD-AAEF-6B9035892BE5}.Release|x64.Build.0 = Release|Any CPU
		{ECAF3303-C3E2-44DD-AAEF-6B9035892BE5}.Release|x86.ActiveCfg = Release|Any CPU
		{ECAF3303-C3E2-44DD-AAEF-6B9035892BE5}.Release|x86.Build.0 = Release|Any CPU
		{265829BC-50A7-473D-AD40-E04A7D2D57F4}.Debug|Any CPU.ActiveCfg = Debug|Any CPU
		{265829BC-50A7-473D-AD40-E04A7D2D57F4}.Debug|Any CPU.Build.0 = Debug|Any CPU
		{265829BC-50A7-473D-AD40-E04A7D2D57F4}.Debug|x64.ActiveCfg = Debug|Any CPU
		{265829BC-50A7-473D-AD40-E04A7D2D57F4}.Debug|x64.Build.0 = Debug|Any CPU
		{265829BC-50A7-473D-AD40-E04A7D2D57F4}.Debug|x86.ActiveCfg = Debug|Any CPU
		{265829BC-50A7-473D-AD40-E04A7D2D57F4}.Debug|x86.Build.0 = Debug|Any CPU
		{265829BC-50A7-473D-AD40-E04A7D2D57F4}.Release|Any CPU.ActiveCfg = Release|Any CPU
		{265829BC-50A7-473D-AD40-E04A7D2D57F4}.Release|Any CPU.Build.0 = Release|Any CPU
		{265829BC-50A7-473D-AD40-E04A7D2D57F4}.Release|x64.ActiveCfg = Release|Any CPU
		{265829BC-50A7-473D-AD40-E04A7D2D57F4}.Release|x64.Build.0 = Release|Any CPU
		{265829BC-50A7-473D-AD40-E04A7D2D57F4}.Release|x86.ActiveCfg = Release|Any CPU
		{265829BC-50A7-473D-AD40-E04A7D2D57F4}.Release|x86.Build.0 = Release|Any CPU
		{4E6E6024-5E9A-4D13-8468-4BF7DF073E5B}.Debug|Any CPU.ActiveCfg = Debug|Any CPU
		{4E6E6024-5E9A-4D13-8468-4BF7DF073E5B}.Debug|Any CPU.Build.0 = Debug|Any CPU
		{4E6E6024-5E9A-4D13-8468-4BF7DF073E5B}.Debug|x64.ActiveCfg = Debug|Any CPU
		{4E6E6024-5E9A-4D13-8468-4BF7DF073E5B}.Debug|x64.Build.0 = Debug|Any CPU
		{4E6E6024-5E9A-4D13-8468-4BF7DF073E5B}.Debug|x86.ActiveCfg = Debug|Any CPU
		{4E6E6024-5E9A-4D13-8468-4BF7DF073E5B}.Debug|x86.Build.0 = Debug|Any CPU
		{4E6E6024-5E9A-4D13-8468-4BF7DF073E5B}.Release|Any CPU.ActiveCfg = Release|Any CPU
		{4E6E6024-5E9A-4D13-8468-4BF7DF073E5B}.Release|Any CPU.Build.0 = Release|Any CPU
		{4E6E6024-5E9A-4D13-8468-4BF7DF073E5B}.Release|x64.ActiveCfg = Release|Any CPU
		{4E6E6024-5E9A-4D13-8468-4BF7DF073E5B}.Release|x64.Build.0 = Release|Any CPU
		{4E6E6024-5E9A-4D13-8468-4BF7DF073E5B}.Release|x86.ActiveCfg = Release|Any CPU
		{4E6E6024-5E9A-4D13-8468-4BF7DF073E5B}.Release|x86.Build.0 = Release|Any CPU
		{93CC219D-D272-482D-895E-BB9964C22942}.Debug|Any CPU.ActiveCfg = Debug|Any CPU
		{93CC219D-D272-482D-895E-BB9964C22942}.Debug|Any CPU.Build.0 = Debug|Any CPU
		{93CC219D-D272-482D-895E-BB9964C22942}.Debug|x64.ActiveCfg = Debug|Any CPU
		{93CC219D-D272-482D-895E-BB9964C22942}.Debug|x64.Build.0 = Debug|Any CPU
		{93CC219D-D272-482D-895E-BB9964C22942}.Debug|x86.ActiveCfg = Debug|Any CPU
		{93CC219D-D272-482D-895E-BB9964C22942}.Debug|x86.Build.0 = Debug|Any CPU
		{93CC219D-D272-482D-895E-BB9964C22942}.Release|Any CPU.ActiveCfg = Release|Any CPU
		{93CC219D-D272-482D-895E-BB9964C22942}.Release|Any CPU.Build.0 = Release|Any CPU
		{93CC219D-D272-482D-895E-BB9964C22942}.Release|x64.ActiveCfg = Release|Any CPU
		{93CC219D-D272-482D-895E-BB9964C22942}.Release|x64.Build.0 = Release|Any CPU
		{93CC219D-D272-482D-895E-BB9964C22942}.Release|x86.ActiveCfg = Release|Any CPU
		{93CC219D-D272-482D-895E-BB9964C22942}.Release|x86.Build.0 = Release|Any CPU
		{AA6B91D7-2DF2-41EF-810B-4241D69C1DEC}.Debug|Any CPU.ActiveCfg = Debug|Any CPU
		{AA6B91D7-2DF2-41EF-810B-4241D69C1DEC}.Debug|Any CPU.Build.0 = Debug|Any CPU
		{AA6B91D7-2DF2-41EF-810B-4241D69C1DEC}.Debug|x64.ActiveCfg = Debug|Any CPU
		{AA6B91D7-2DF2-41EF-810B-4241D69C1DEC}.Debug|x64.Build.0 = Debug|Any CPU
		{AA6B91D7-2DF2-41EF-810B-4241D69C1DEC}.Debug|x86.ActiveCfg = Debug|Any CPU
		{AA6B91D7-2DF2-41EF-810B-4241D69C1DEC}.Debug|x86.Build.0 = Debug|Any CPU
		{AA6B91D7-2DF2-41EF-810B-4241D69C1DEC}.Release|Any CPU.ActiveCfg = Release|Any CPU
		{AA6B91D7-2DF2-41EF-810B-4241D69C1DEC}.Release|Any CPU.Build.0 = Release|Any CPU
		{AA6B91D7-2DF2-41EF-810B-4241D69C1DEC}.Release|x64.ActiveCfg = Release|Any CPU
		{AA6B91D7-2DF2-41EF-810B-4241D69C1DEC}.Release|x64.Build.0 = Release|Any CPU
		{AA6B91D7-2DF2-41EF-810B-4241D69C1DEC}.Release|x86.ActiveCfg = Release|Any CPU
		{AA6B91D7-2DF2-41EF-810B-4241D69C1DEC}.Release|x86.Build.0 = Release|Any CPU
		{8ED2CF63-E802-4935-B09E-F0295EE97227}.Debug|Any CPU.ActiveCfg = Debug|Any CPU
		{8ED2CF63-E802-4935-B09E-F0295EE97227}.Debug|Any CPU.Build.0 = Debug|Any CPU
		{8ED2CF63-E802-4935-B09E-F0295EE97227}.Debug|x64.ActiveCfg = Debug|Any CPU
		{8ED2CF63-E802-4935-B09E-F0295EE97227}.Debug|x64.Build.0 = Debug|Any CPU
		{8ED2CF63-E802-4935-B09E-F0295EE97227}.Debug|x86.ActiveCfg = Debug|Any CPU
		{8ED2CF63-E802-4935-B09E-F0295EE97227}.Debug|x86.Build.0 = Debug|Any CPU
		{8ED2CF63-E802-4935-B09E-F0295EE97227}.Release|Any CPU.ActiveCfg = Release|Any CPU
		{8ED2CF63-E802-4935-B09E-F0295EE97227}.Release|Any CPU.Build.0 = Release|Any CPU
		{8ED2CF63-E802-4935-B09E-F0295EE97227}.Release|x64.ActiveCfg = Release|Any CPU
		{8ED2CF63-E802-4935-B09E-F0295EE97227}.Release|x64.Build.0 = Release|Any CPU
		{8ED2CF63-E802-4935-B09E-F0295EE97227}.Release|x86.ActiveCfg = Release|Any CPU
		{8ED2CF63-E802-4935-B09E-F0295EE97227}.Release|x86.Build.0 = Release|Any CPU
		{FA3844C5-F0D0-4429-AC41-F2D634E98550}.Debug|Any CPU.ActiveCfg = Debug|Any CPU
		{FA3844C5-F0D0-4429-AC41-F2D634E98550}.Debug|Any CPU.Build.0 = Debug|Any CPU
		{FA3844C5-F0D0-4429-AC41-F2D634E98550}.Debug|x64.ActiveCfg = Debug|Any CPU
		{FA3844C5-F0D0-4429-AC41-F2D634E98550}.Debug|x64.Build.0 = Debug|Any CPU
		{FA3844C5-F0D0-4429-AC41-F2D634E98550}.Debug|x86.ActiveCfg = Debug|Any CPU
		{FA3844C5-F0D0-4429-AC41-F2D634E98550}.Debug|x86.Build.0 = Debug|Any CPU
		{FA3844C5-F0D0-4429-AC41-F2D634E98550}.Release|Any CPU.ActiveCfg = Release|Any CPU
		{FA3844C5-F0D0-4429-AC41-F2D634E98550}.Release|Any CPU.Build.0 = Release|Any CPU
		{FA3844C5-F0D0-4429-AC41-F2D634E98550}.Release|x64.ActiveCfg = Release|Any CPU
		{FA3844C5-F0D0-4429-AC41-F2D634E98550}.Release|x64.Build.0 = Release|Any CPU
		{FA3844C5-F0D0-4429-AC41-F2D634E98550}.Release|x86.ActiveCfg = Release|Any CPU
		{FA3844C5-F0D0-4429-AC41-F2D634E98550}.Release|x86.Build.0 = Release|Any CPU
		{0EA8FCF5-1E4F-405F-97B9-8E25C3D3C60F}.Debug|Any CPU.ActiveCfg = Debug|Any CPU
		{0EA8FCF5-1E4F-405F-97B9-8E25C3D3C60F}.Debug|Any CPU.Build.0 = Debug|Any CPU
		{0EA8FCF5-1E4F-405F-97B9-8E25C3D3C60F}.Debug|x64.ActiveCfg = Debug|Any CPU
		{0EA8FCF5-1E4F-405F-97B9-8E25C3D3C60F}.Debug|x64.Build.0 = Debug|Any CPU
		{0EA8FCF5-1E4F-405F-97B9-8E25C3D3C60F}.Debug|x86.ActiveCfg = Debug|Any CPU
		{0EA8FCF5-1E4F-405F-97B9-8E25C3D3C60F}.Debug|x86.Build.0 = Debug|Any CPU
		{0EA8FCF5-1E4F-405F-97B9-8E25C3D3C60F}.Release|Any CPU.ActiveCfg = Release|Any CPU
		{0EA8FCF5-1E4F-405F-97B9-8E25C3D3C60F}.Release|Any CPU.Build.0 = Release|Any CPU
		{0EA8FCF5-1E4F-405F-97B9-8E25C3D3C60F}.Release|x64.ActiveCfg = Release|Any CPU
		{0EA8FCF5-1E4F-405F-97B9-8E25C3D3C60F}.Release|x64.Build.0 = Release|Any CPU
		{0EA8FCF5-1E4F-405F-97B9-8E25C3D3C60F}.Release|x86.ActiveCfg = Release|Any CPU
		{0EA8FCF5-1E4F-405F-97B9-8E25C3D3C60F}.Release|x86.Build.0 = Release|Any CPU
		{5FD6DDB4-C801-4A03-A90F-5F07D1B20B64}.Debug|Any CPU.ActiveCfg = Debug|Any CPU
		{5FD6DDB4-C801-4A03-A90F-5F07D1B20B64}.Debug|Any CPU.Build.0 = Debug|Any CPU
		{5FD6DDB4-C801-4A03-A90F-5F07D1B20B64}.Debug|x64.ActiveCfg = Debug|Any CPU
		{5FD6DDB4-C801-4A03-A90F-5F07D1B20B64}.Debug|x64.Build.0 = Debug|Any CPU
		{5FD6DDB4-C801-4A03-A90F-5F07D1B20B64}.Debug|x86.ActiveCfg = Debug|Any CPU
		{5FD6DDB4-C801-4A03-A90F-5F07D1B20B64}.Debug|x86.Build.0 = Debug|Any CPU
		{5FD6DDB4-C801-4A03-A90F-5F07D1B20B64}.Release|Any CPU.ActiveCfg = Release|Any CPU
		{5FD6DDB4-C801-4A03-A90F-5F07D1B20B64}.Release|Any CPU.Build.0 = Release|Any CPU
		{5FD6DDB4-C801-4A03-A90F-5F07D1B20B64}.Release|x64.ActiveCfg = Release|Any CPU
		{5FD6DDB4-C801-4A03-A90F-5F07D1B20B64}.Release|x64.Build.0 = Release|Any CPU
		{5FD6DDB4-C801-4A03-A90F-5F07D1B20B64}.Release|x86.ActiveCfg = Release|Any CPU
		{5FD6DDB4-C801-4A03-A90F-5F07D1B20B64}.Release|x86.Build.0 = Release|Any CPU
		{BEB01847-CFE4-4810-A537-5AC76D8BEA44}.Debug|Any CPU.ActiveCfg = Debug|Any CPU
		{BEB01847-CFE4-4810-A537-5AC76D8BEA44}.Debug|Any CPU.Build.0 = Debug|Any CPU
		{BEB01847-CFE4-4810-A537-5AC76D8BEA44}.Debug|x64.ActiveCfg = Debug|Any CPU
		{BEB01847-CFE4-4810-A537-5AC76D8BEA44}.Debug|x64.Build.0 = Debug|Any CPU
		{BEB01847-CFE4-4810-A537-5AC76D8BEA44}.Debug|x86.ActiveCfg = Debug|Any CPU
		{BEB01847-CFE4-4810-A537-5AC76D8BEA44}.Debug|x86.Build.0 = Debug|Any CPU
		{BEB01847-CFE4-4810-A537-5AC76D8BEA44}.Release|Any CPU.ActiveCfg = Release|Any CPU
		{BEB01847-CFE4-4810-A537-5AC76D8BEA44}.Release|Any CPU.Build.0 = Release|Any CPU
		{BEB01847-CFE4-4810-A537-5AC76D8BEA44}.Release|x64.ActiveCfg = Release|Any CPU
		{BEB01847-CFE4-4810-A537-5AC76D8BEA44}.Release|x64.Build.0 = Release|Any CPU
		{BEB01847-CFE4-4810-A537-5AC76D8BEA44}.Release|x86.ActiveCfg = Release|Any CPU
		{BEB01847-CFE4-4810-A537-5AC76D8BEA44}.Release|x86.Build.0 = Release|Any CPU
		{4E22A174-F078-4F9A-B673-0946D6D4535F}.Debug|Any CPU.ActiveCfg = Debug|Any CPU
		{4E22A174-F078-4F9A-B673-0946D6D4535F}.Debug|Any CPU.Build.0 = Debug|Any CPU
		{4E22A174-F078-4F9A-B673-0946D6D4535F}.Debug|x64.ActiveCfg = Debug|Any CPU
		{4E22A174-F078-4F9A-B673-0946D6D4535F}.Debug|x64.Build.0 = Debug|Any CPU
		{4E22A174-F078-4F9A-B673-0946D6D4535F}.Debug|x86.ActiveCfg = Debug|Any CPU
		{4E22A174-F078-4F9A-B673-0946D6D4535F}.Debug|x86.Build.0 = Debug|Any CPU
		{4E22A174-F078-4F9A-B673-0946D6D4535F}.Release|Any CPU.ActiveCfg = Release|Any CPU
		{4E22A174-F078-4F9A-B673-0946D6D4535F}.Release|Any CPU.Build.0 = Release|Any CPU
		{4E22A174-F078-4F9A-B673-0946D6D4535F}.Release|x64.ActiveCfg = Release|Any CPU
		{4E22A174-F078-4F9A-B673-0946D6D4535F}.Release|x64.Build.0 = Release|Any CPU
		{4E22A174-F078-4F9A-B673-0946D6D4535F}.Release|x86.ActiveCfg = Release|Any CPU
		{4E22A174-F078-4F9A-B673-0946D6D4535F}.Release|x86.Build.0 = Release|Any CPU
		{D7F1B840-DDA7-456F-9117-DCFF3C23FA3E}.Debug|Any CPU.ActiveCfg = Debug|Any CPU
		{D7F1B840-DDA7-456F-9117-DCFF3C23FA3E}.Debug|Any CPU.Build.0 = Debug|Any CPU
		{D7F1B840-DDA7-456F-9117-DCFF3C23FA3E}.Debug|x64.ActiveCfg = Debug|Any CPU
		{D7F1B840-DDA7-456F-9117-DCFF3C23FA3E}.Debug|x64.Build.0 = Debug|Any CPU
		{D7F1B840-DDA7-456F-9117-DCFF3C23FA3E}.Debug|x86.ActiveCfg = Debug|Any CPU
		{D7F1B840-DDA7-456F-9117-DCFF3C23FA3E}.Debug|x86.Build.0 = Debug|Any CPU
		{D7F1B840-DDA7-456F-9117-DCFF3C23FA3E}.Release|Any CPU.ActiveCfg = Release|Any CPU
		{D7F1B840-DDA7-456F-9117-DCFF3C23FA3E}.Release|Any CPU.Build.0 = Release|Any CPU
		{D7F1B840-DDA7-456F-9117-DCFF3C23FA3E}.Release|x64.ActiveCfg = Release|Any CPU
		{D7F1B840-DDA7-456F-9117-DCFF3C23FA3E}.Release|x64.Build.0 = Release|Any CPU
		{D7F1B840-DDA7-456F-9117-DCFF3C23FA3E}.Release|x86.ActiveCfg = Release|Any CPU
		{D7F1B840-DDA7-456F-9117-DCFF3C23FA3E}.Release|x86.Build.0 = Release|Any CPU
		{4CB9F2CA-3DA6-4419-90E4-5743A5308484}.Debug|Any CPU.ActiveCfg = Debug|Any CPU
		{4CB9F2CA-3DA6-4419-90E4-5743A5308484}.Debug|Any CPU.Build.0 = Debug|Any CPU
		{4CB9F2CA-3DA6-4419-90E4-5743A5308484}.Debug|x64.ActiveCfg = Debug|Any CPU
		{4CB9F2CA-3DA6-4419-90E4-5743A5308484}.Debug|x64.Build.0 = Debug|Any CPU
		{4CB9F2CA-3DA6-4419-90E4-5743A5308484}.Debug|x86.ActiveCfg = Debug|Any CPU
		{4CB9F2CA-3DA6-4419-90E4-5743A5308484}.Debug|x86.Build.0 = Debug|Any CPU
		{4CB9F2CA-3DA6-4419-90E4-5743A5308484}.Release|Any CPU.ActiveCfg = Release|Any CPU
		{4CB9F2CA-3DA6-4419-90E4-5743A5308484}.Release|Any CPU.Build.0 = Release|Any CPU
		{4CB9F2CA-3DA6-4419-90E4-5743A5308484}.Release|x64.ActiveCfg = Release|Any CPU
		{4CB9F2CA-3DA6-4419-90E4-5743A5308484}.Release|x64.Build.0 = Release|Any CPU
		{4CB9F2CA-3DA6-4419-90E4-5743A5308484}.Release|x86.ActiveCfg = Release|Any CPU
		{4CB9F2CA-3DA6-4419-90E4-5743A5308484}.Release|x86.Build.0 = Release|Any CPU
		{8491FF3E-736F-48BF-B6EA-647150061ABB}.Debug|Any CPU.ActiveCfg = Debug|Any CPU
		{8491FF3E-736F-48BF-B6EA-647150061ABB}.Debug|Any CPU.Build.0 = Debug|Any CPU
		{8491FF3E-736F-48BF-B6EA-647150061ABB}.Debug|x64.ActiveCfg = Debug|Any CPU
		{8491FF3E-736F-48BF-B6EA-647150061ABB}.Debug|x64.Build.0 = Debug|Any CPU
		{8491FF3E-736F-48BF-B6EA-647150061ABB}.Debug|x86.ActiveCfg = Debug|Any CPU
		{8491FF3E-736F-48BF-B6EA-647150061ABB}.Debug|x86.Build.0 = Debug|Any CPU
		{8491FF3E-736F-48BF-B6EA-647150061ABB}.Release|Any CPU.ActiveCfg = Release|Any CPU
		{8491FF3E-736F-48BF-B6EA-647150061ABB}.Release|Any CPU.Build.0 = Release|Any CPU
		{8491FF3E-736F-48BF-B6EA-647150061ABB}.Release|x64.ActiveCfg = Release|Any CPU
		{8491FF3E-736F-48BF-B6EA-647150061ABB}.Release|x64.Build.0 = Release|Any CPU
		{8491FF3E-736F-48BF-B6EA-647150061ABB}.Release|x86.ActiveCfg = Release|Any CPU
		{8491FF3E-736F-48BF-B6EA-647150061ABB}.Release|x86.Build.0 = Release|Any CPU
		{497392BA-4C1C-4F84-9975-FED2A77AA935}.Debug|Any CPU.ActiveCfg = Debug|Any CPU
		{497392BA-4C1C-4F84-9975-FED2A77AA935}.Debug|Any CPU.Build.0 = Debug|Any CPU
		{497392BA-4C1C-4F84-9975-FED2A77AA935}.Debug|x64.ActiveCfg = Debug|Any CPU
		{497392BA-4C1C-4F84-9975-FED2A77AA935}.Debug|x64.Build.0 = Debug|Any CPU
		{497392BA-4C1C-4F84-9975-FED2A77AA935}.Debug|x86.ActiveCfg = Debug|Any CPU
		{497392BA-4C1C-4F84-9975-FED2A77AA935}.Debug|x86.Build.0 = Debug|Any CPU
		{497392BA-4C1C-4F84-9975-FED2A77AA935}.Release|Any CPU.ActiveCfg = Release|Any CPU
		{497392BA-4C1C-4F84-9975-FED2A77AA935}.Release|Any CPU.Build.0 = Release|Any CPU
		{497392BA-4C1C-4F84-9975-FED2A77AA935}.Release|x64.ActiveCfg = Release|Any CPU
		{497392BA-4C1C-4F84-9975-FED2A77AA935}.Release|x64.Build.0 = Release|Any CPU
		{497392BA-4C1C-4F84-9975-FED2A77AA935}.Release|x86.ActiveCfg = Release|Any CPU
		{497392BA-4C1C-4F84-9975-FED2A77AA935}.Release|x86.Build.0 = Release|Any CPU
		{59687593-86BA-45F7-BA52-EE56190C14C4}.Debug|Any CPU.ActiveCfg = Debug|Any CPU
		{59687593-86BA-45F7-BA52-EE56190C14C4}.Debug|Any CPU.Build.0 = Debug|Any CPU
		{59687593-86BA-45F7-BA52-EE56190C14C4}.Debug|x64.ActiveCfg = Debug|Any CPU
		{59687593-86BA-45F7-BA52-EE56190C14C4}.Debug|x64.Build.0 = Debug|Any CPU
		{59687593-86BA-45F7-BA52-EE56190C14C4}.Debug|x86.ActiveCfg = Debug|Any CPU
		{59687593-86BA-45F7-BA52-EE56190C14C4}.Debug|x86.Build.0 = Debug|Any CPU
		{59687593-86BA-45F7-BA52-EE56190C14C4}.Release|Any CPU.ActiveCfg = Release|Any CPU
		{59687593-86BA-45F7-BA52-EE56190C14C4}.Release|Any CPU.Build.0 = Release|Any CPU
		{59687593-86BA-45F7-BA52-EE56190C14C4}.Release|x64.ActiveCfg = Release|Any CPU
		{59687593-86BA-45F7-BA52-EE56190C14C4}.Release|x64.Build.0 = Release|Any CPU
		{59687593-86BA-45F7-BA52-EE56190C14C4}.Release|x86.ActiveCfg = Release|Any CPU
		{59687593-86BA-45F7-BA52-EE56190C14C4}.Release|x86.Build.0 = Release|Any CPU
		{DBE8E4DE-E821-42DC-9F8A-5BD01E363537}.Debug|Any CPU.ActiveCfg = Debug|Any CPU
		{DBE8E4DE-E821-42DC-9F8A-5BD01E363537}.Debug|Any CPU.Build.0 = Debug|Any CPU
		{DBE8E4DE-E821-42DC-9F8A-5BD01E363537}.Debug|x64.ActiveCfg = Debug|Any CPU
		{DBE8E4DE-E821-42DC-9F8A-5BD01E363537}.Debug|x64.Build.0 = Debug|Any CPU
		{DBE8E4DE-E821-42DC-9F8A-5BD01E363537}.Debug|x86.ActiveCfg = Debug|Any CPU
		{DBE8E4DE-E821-42DC-9F8A-5BD01E363537}.Debug|x86.Build.0 = Debug|Any CPU
		{DBE8E4DE-E821-42DC-9F8A-5BD01E363537}.Release|Any CPU.ActiveCfg = Release|Any CPU
		{DBE8E4DE-E821-42DC-9F8A-5BD01E363537}.Release|Any CPU.Build.0 = Release|Any CPU
		{DBE8E4DE-E821-42DC-9F8A-5BD01E363537}.Release|x64.ActiveCfg = Release|Any CPU
		{DBE8E4DE-E821-42DC-9F8A-5BD01E363537}.Release|x64.Build.0 = Release|Any CPU
		{DBE8E4DE-E821-42DC-9F8A-5BD01E363537}.Release|x86.ActiveCfg = Release|Any CPU
		{DBE8E4DE-E821-42DC-9F8A-5BD01E363537}.Release|x86.Build.0 = Release|Any CPU
		{F3386758-92D2-4023-A21C-57644FF8F3AD}.Debug|Any CPU.ActiveCfg = Debug|Any CPU
		{F3386758-92D2-4023-A21C-57644FF8F3AD}.Debug|Any CPU.Build.0 = Debug|Any CPU
		{F3386758-92D2-4023-A21C-57644FF8F3AD}.Debug|x64.ActiveCfg = Debug|Any CPU
		{F3386758-92D2-4023-A21C-57644FF8F3AD}.Debug|x64.Build.0 = Debug|Any CPU
		{F3386758-92D2-4023-A21C-57644FF8F3AD}.Debug|x86.ActiveCfg = Debug|Any CPU
		{F3386758-92D2-4023-A21C-57644FF8F3AD}.Debug|x86.Build.0 = Debug|Any CPU
		{F3386758-92D2-4023-A21C-57644FF8F3AD}.Release|Any CPU.ActiveCfg = Release|Any CPU
		{F3386758-92D2-4023-A21C-57644FF8F3AD}.Release|Any CPU.Build.0 = Release|Any CPU
		{F3386758-92D2-4023-A21C-57644FF8F3AD}.Release|x64.ActiveCfg = Release|Any CPU
		{F3386758-92D2-4023-A21C-57644FF8F3AD}.Release|x64.Build.0 = Release|Any CPU
		{F3386758-92D2-4023-A21C-57644FF8F3AD}.Release|x86.ActiveCfg = Release|Any CPU
		{F3386758-92D2-4023-A21C-57644FF8F3AD}.Release|x86.Build.0 = Release|Any CPU
		{23A8FF73-B9AD-4AAE-B931-D23657B1C4F7}.Debug|Any CPU.ActiveCfg = Debug|Any CPU
		{23A8FF73-B9AD-4AAE-B931-D23657B1C4F7}.Debug|Any CPU.Build.0 = Debug|Any CPU
		{23A8FF73-B9AD-4AAE-B931-D23657B1C4F7}.Debug|x64.ActiveCfg = Debug|Any CPU
		{23A8FF73-B9AD-4AAE-B931-D23657B1C4F7}.Debug|x64.Build.0 = Debug|Any CPU
		{23A8FF73-B9AD-4AAE-B931-D23657B1C4F7}.Debug|x86.ActiveCfg = Debug|Any CPU
		{23A8FF73-B9AD-4AAE-B931-D23657B1C4F7}.Debug|x86.Build.0 = Debug|Any CPU
		{23A8FF73-B9AD-4AAE-B931-D23657B1C4F7}.Release|Any CPU.ActiveCfg = Release|Any CPU
		{23A8FF73-B9AD-4AAE-B931-D23657B1C4F7}.Release|Any CPU.Build.0 = Release|Any CPU
		{23A8FF73-B9AD-4AAE-B931-D23657B1C4F7}.Release|x64.ActiveCfg = Release|Any CPU
		{23A8FF73-B9AD-4AAE-B931-D23657B1C4F7}.Release|x64.Build.0 = Release|Any CPU
		{23A8FF73-B9AD-4AAE-B931-D23657B1C4F7}.Release|x86.ActiveCfg = Release|Any CPU
		{23A8FF73-B9AD-4AAE-B931-D23657B1C4F7}.Release|x86.Build.0 = Release|Any CPU
		{03AF1CDD-3FED-432F-8F06-00E9068A1B1F}.Debug|Any CPU.ActiveCfg = Debug|Any CPU
		{03AF1CDD-3FED-432F-8F06-00E9068A1B1F}.Debug|Any CPU.Build.0 = Debug|Any CPU
		{03AF1CDD-3FED-432F-8F06-00E9068A1B1F}.Debug|x64.ActiveCfg = Debug|Any CPU
		{03AF1CDD-3FED-432F-8F06-00E9068A1B1F}.Debug|x64.Build.0 = Debug|Any CPU
		{03AF1CDD-3FED-432F-8F06-00E9068A1B1F}.Debug|x86.ActiveCfg = Debug|Any CPU
		{03AF1CDD-3FED-432F-8F06-00E9068A1B1F}.Debug|x86.Build.0 = Debug|Any CPU
		{03AF1CDD-3FED-432F-8F06-00E9068A1B1F}.Release|Any CPU.ActiveCfg = Release|Any CPU
		{03AF1CDD-3FED-432F-8F06-00E9068A1B1F}.Release|Any CPU.Build.0 = Release|Any CPU
		{03AF1CDD-3FED-432F-8F06-00E9068A1B1F}.Release|x64.ActiveCfg = Release|Any CPU
		{03AF1CDD-3FED-432F-8F06-00E9068A1B1F}.Release|x64.Build.0 = Release|Any CPU
		{03AF1CDD-3FED-432F-8F06-00E9068A1B1F}.Release|x86.ActiveCfg = Release|Any CPU
		{03AF1CDD-3FED-432F-8F06-00E9068A1B1F}.Release|x86.Build.0 = Release|Any CPU
		{0329910B-FCED-45FA-BBBC-7A1A64D7B791}.Debug|Any CPU.ActiveCfg = Debug|Any CPU
		{0329910B-FCED-45FA-BBBC-7A1A64D7B791}.Debug|Any CPU.Build.0 = Debug|Any CPU
		{0329910B-FCED-45FA-BBBC-7A1A64D7B791}.Debug|x64.ActiveCfg = Debug|Any CPU
		{0329910B-FCED-45FA-BBBC-7A1A64D7B791}.Debug|x64.Build.0 = Debug|Any CPU
		{0329910B-FCED-45FA-BBBC-7A1A64D7B791}.Debug|x86.ActiveCfg = Debug|Any CPU
		{0329910B-FCED-45FA-BBBC-7A1A64D7B791}.Debug|x86.Build.0 = Debug|Any CPU
		{0329910B-FCED-45FA-BBBC-7A1A64D7B791}.Release|Any CPU.ActiveCfg = Release|Any CPU
		{0329910B-FCED-45FA-BBBC-7A1A64D7B791}.Release|Any CPU.Build.0 = Release|Any CPU
		{0329910B-FCED-45FA-BBBC-7A1A64D7B791}.Release|x64.ActiveCfg = Release|Any CPU
		{0329910B-FCED-45FA-BBBC-7A1A64D7B791}.Release|x64.Build.0 = Release|Any CPU
		{0329910B-FCED-45FA-BBBC-7A1A64D7B791}.Release|x86.ActiveCfg = Release|Any CPU
		{0329910B-FCED-45FA-BBBC-7A1A64D7B791}.Release|x86.Build.0 = Release|Any CPU
		{6BD9CB45-B8F1-4FF3-B144-4BB43BD7938A}.Debug|Any CPU.ActiveCfg = Debug|Any CPU
		{6BD9CB45-B8F1-4FF3-B144-4BB43BD7938A}.Debug|Any CPU.Build.0 = Debug|Any CPU
		{6BD9CB45-B8F1-4FF3-B144-4BB43BD7938A}.Debug|x64.ActiveCfg = Debug|Any CPU
		{6BD9CB45-B8F1-4FF3-B144-4BB43BD7938A}.Debug|x64.Build.0 = Debug|Any CPU
		{6BD9CB45-B8F1-4FF3-B144-4BB43BD7938A}.Debug|x86.ActiveCfg = Debug|Any CPU
		{6BD9CB45-B8F1-4FF3-B144-4BB43BD7938A}.Debug|x86.Build.0 = Debug|Any CPU
		{6BD9CB45-B8F1-4FF3-B144-4BB43BD7938A}.Release|Any CPU.ActiveCfg = Release|Any CPU
		{6BD9CB45-B8F1-4FF3-B144-4BB43BD7938A}.Release|Any CPU.Build.0 = Release|Any CPU
		{6BD9CB45-B8F1-4FF3-B144-4BB43BD7938A}.Release|x64.ActiveCfg = Release|Any CPU
		{6BD9CB45-B8F1-4FF3-B144-4BB43BD7938A}.Release|x64.Build.0 = Release|Any CPU
		{6BD9CB45-B8F1-4FF3-B144-4BB43BD7938A}.Release|x86.ActiveCfg = Release|Any CPU
		{6BD9CB45-B8F1-4FF3-B144-4BB43BD7938A}.Release|x86.Build.0 = Release|Any CPU
		{2CFB3CBF-CE3E-4E47-91F5-EA3F0242BCC2}.Debug|Any CPU.ActiveCfg = Debug|Any CPU
		{2CFB3CBF-CE3E-4E47-91F5-EA3F0242BCC2}.Debug|Any CPU.Build.0 = Debug|Any CPU
		{2CFB3CBF-CE3E-4E47-91F5-EA3F0242BCC2}.Debug|x64.ActiveCfg = Debug|Any CPU
		{2CFB3CBF-CE3E-4E47-91F5-EA3F0242BCC2}.Debug|x64.Build.0 = Debug|Any CPU
		{2CFB3CBF-CE3E-4E47-91F5-EA3F0242BCC2}.Debug|x86.ActiveCfg = Debug|Any CPU
		{2CFB3CBF-CE3E-4E47-91F5-EA3F0242BCC2}.Debug|x86.Build.0 = Debug|Any CPU
		{2CFB3CBF-CE3E-4E47-91F5-EA3F0242BCC2}.Release|Any CPU.ActiveCfg = Release|Any CPU
		{2CFB3CBF-CE3E-4E47-91F5-EA3F0242BCC2}.Release|Any CPU.Build.0 = Release|Any CPU
		{2CFB3CBF-CE3E-4E47-91F5-EA3F0242BCC2}.Release|x64.ActiveCfg = Release|Any CPU
		{2CFB3CBF-CE3E-4E47-91F5-EA3F0242BCC2}.Release|x64.Build.0 = Release|Any CPU
		{2CFB3CBF-CE3E-4E47-91F5-EA3F0242BCC2}.Release|x86.ActiveCfg = Release|Any CPU
		{2CFB3CBF-CE3E-4E47-91F5-EA3F0242BCC2}.Release|x86.Build.0 = Release|Any CPU
		{2D5F091B-3934-4599-B1AA-637D380615D5}.Debug|Any CPU.ActiveCfg = Debug|Any CPU
		{2D5F091B-3934-4599-B1AA-637D380615D5}.Debug|Any CPU.Build.0 = Debug|Any CPU
		{2D5F091B-3934-4599-B1AA-637D380615D5}.Debug|x64.ActiveCfg = Debug|Any CPU
		{2D5F091B-3934-4599-B1AA-637D380615D5}.Debug|x64.Build.0 = Debug|Any CPU
		{2D5F091B-3934-4599-B1AA-637D380615D5}.Debug|x86.ActiveCfg = Debug|Any CPU
		{2D5F091B-3934-4599-B1AA-637D380615D5}.Debug|x86.Build.0 = Debug|Any CPU
		{2D5F091B-3934-4599-B1AA-637D380615D5}.Release|Any CPU.ActiveCfg = Release|Any CPU
		{2D5F091B-3934-4599-B1AA-637D380615D5}.Release|Any CPU.Build.0 = Release|Any CPU
		{2D5F091B-3934-4599-B1AA-637D380615D5}.Release|x64.ActiveCfg = Release|Any CPU
		{2D5F091B-3934-4599-B1AA-637D380615D5}.Release|x64.Build.0 = Release|Any CPU
		{2D5F091B-3934-4599-B1AA-637D380615D5}.Release|x86.ActiveCfg = Release|Any CPU
		{2D5F091B-3934-4599-B1AA-637D380615D5}.Release|x86.Build.0 = Release|Any CPU
		{F43012C6-0A14-4421-80C5-7C883C4B3AA5}.Debug|Any CPU.ActiveCfg = Debug|Any CPU
		{F43012C6-0A14-4421-80C5-7C883C4B3AA5}.Debug|Any CPU.Build.0 = Debug|Any CPU
		{F43012C6-0A14-4421-80C5-7C883C4B3AA5}.Debug|x64.ActiveCfg = Debug|Any CPU
		{F43012C6-0A14-4421-80C5-7C883C4B3AA5}.Debug|x64.Build.0 = Debug|Any CPU
		{F43012C6-0A14-4421-80C5-7C883C4B3AA5}.Debug|x86.ActiveCfg = Debug|Any CPU
		{F43012C6-0A14-4421-80C5-7C883C4B3AA5}.Debug|x86.Build.0 = Debug|Any CPU
		{F43012C6-0A14-4421-80C5-7C883C4B3AA5}.Release|Any CPU.ActiveCfg = Release|Any CPU
		{F43012C6-0A14-4421-80C5-7C883C4B3AA5}.Release|Any CPU.Build.0 = Release|Any CPU
		{F43012C6-0A14-4421-80C5-7C883C4B3AA5}.Release|x64.ActiveCfg = Release|Any CPU
		{F43012C6-0A14-4421-80C5-7C883C4B3AA5}.Release|x64.Build.0 = Release|Any CPU
		{F43012C6-0A14-4421-80C5-7C883C4B3AA5}.Release|x86.ActiveCfg = Release|Any CPU
		{F43012C6-0A14-4421-80C5-7C883C4B3AA5}.Release|x86.Build.0 = Release|Any CPU
		{CF07B068-B3A5-4698-B183-79837CE86B95}.Debug|Any CPU.ActiveCfg = Debug|Any CPU
		{CF07B068-B3A5-4698-B183-79837CE86B95}.Debug|Any CPU.Build.0 = Debug|Any CPU
		{CF07B068-B3A5-4698-B183-79837CE86B95}.Debug|x64.ActiveCfg = Debug|Any CPU
		{CF07B068-B3A5-4698-B183-79837CE86B95}.Debug|x64.Build.0 = Debug|Any CPU
		{CF07B068-B3A5-4698-B183-79837CE86B95}.Debug|x86.ActiveCfg = Debug|Any CPU
		{CF07B068-B3A5-4698-B183-79837CE86B95}.Debug|x86.Build.0 = Debug|Any CPU
		{CF07B068-B3A5-4698-B183-79837CE86B95}.Release|Any CPU.ActiveCfg = Release|Any CPU
		{CF07B068-B3A5-4698-B183-79837CE86B95}.Release|Any CPU.Build.0 = Release|Any CPU
		{CF07B068-B3A5-4698-B183-79837CE86B95}.Release|x64.ActiveCfg = Release|Any CPU
		{CF07B068-B3A5-4698-B183-79837CE86B95}.Release|x64.Build.0 = Release|Any CPU
		{CF07B068-B3A5-4698-B183-79837CE86B95}.Release|x86.ActiveCfg = Release|Any CPU
		{CF07B068-B3A5-4698-B183-79837CE86B95}.Release|x86.Build.0 = Release|Any CPU
		{B0365D73-CC2A-4560-8D43-DF86E0ADE1F1}.Debug|Any CPU.ActiveCfg = Debug|Any CPU
		{B0365D73-CC2A-4560-8D43-DF86E0ADE1F1}.Debug|Any CPU.Build.0 = Debug|Any CPU
		{B0365D73-CC2A-4560-8D43-DF86E0ADE1F1}.Debug|x64.ActiveCfg = Debug|Any CPU
		{B0365D73-CC2A-4560-8D43-DF86E0ADE1F1}.Debug|x64.Build.0 = Debug|Any CPU
		{B0365D73-CC2A-4560-8D43-DF86E0ADE1F1}.Debug|x86.ActiveCfg = Debug|Any CPU
		{B0365D73-CC2A-4560-8D43-DF86E0ADE1F1}.Debug|x86.Build.0 = Debug|Any CPU
		{B0365D73-CC2A-4560-8D43-DF86E0ADE1F1}.Release|Any CPU.ActiveCfg = Release|Any CPU
		{B0365D73-CC2A-4560-8D43-DF86E0ADE1F1}.Release|Any CPU.Build.0 = Release|Any CPU
		{B0365D73-CC2A-4560-8D43-DF86E0ADE1F1}.Release|x64.ActiveCfg = Release|Any CPU
		{B0365D73-CC2A-4560-8D43-DF86E0ADE1F1}.Release|x64.Build.0 = Release|Any CPU
		{B0365D73-CC2A-4560-8D43-DF86E0ADE1F1}.Release|x86.ActiveCfg = Release|Any CPU
		{B0365D73-CC2A-4560-8D43-DF86E0ADE1F1}.Release|x86.Build.0 = Release|Any CPU
		{9C000770-E80C-4F22-8E7A-D3A8DDB2FDE1}.Debug|Any CPU.ActiveCfg = Debug|Any CPU
		{9C000770-E80C-4F22-8E7A-D3A8DDB2FDE1}.Debug|Any CPU.Build.0 = Debug|Any CPU
		{9C000770-E80C-4F22-8E7A-D3A8DDB2FDE1}.Debug|x64.ActiveCfg = Debug|Any CPU
		{9C000770-E80C-4F22-8E7A-D3A8DDB2FDE1}.Debug|x64.Build.0 = Debug|Any CPU
		{9C000770-E80C-4F22-8E7A-D3A8DDB2FDE1}.Debug|x86.ActiveCfg = Debug|Any CPU
		{9C000770-E80C-4F22-8E7A-D3A8DDB2FDE1}.Debug|x86.Build.0 = Debug|Any CPU
		{9C000770-E80C-4F22-8E7A-D3A8DDB2FDE1}.Release|Any CPU.ActiveCfg = Release|Any CPU
		{9C000770-E80C-4F22-8E7A-D3A8DDB2FDE1}.Release|Any CPU.Build.0 = Release|Any CPU
		{9C000770-E80C-4F22-8E7A-D3A8DDB2FDE1}.Release|x64.ActiveCfg = Release|Any CPU
		{9C000770-E80C-4F22-8E7A-D3A8DDB2FDE1}.Release|x64.Build.0 = Release|Any CPU
		{9C000770-E80C-4F22-8E7A-D3A8DDB2FDE1}.Release|x86.ActiveCfg = Release|Any CPU
		{9C000770-E80C-4F22-8E7A-D3A8DDB2FDE1}.Release|x86.Build.0 = Release|Any CPU
		{08CF55A8-10BA-4586-A573-E7D2C74FBCA0}.Debug|Any CPU.ActiveCfg = Debug|Any CPU
		{08CF55A8-10BA-4586-A573-E7D2C74FBCA0}.Debug|Any CPU.Build.0 = Debug|Any CPU
		{08CF55A8-10BA-4586-A573-E7D2C74FBCA0}.Debug|x64.ActiveCfg = Debug|Any CPU
		{08CF55A8-10BA-4586-A573-E7D2C74FBCA0}.Debug|x64.Build.0 = Debug|Any CPU
		{08CF55A8-10BA-4586-A573-E7D2C74FBCA0}.Debug|x86.ActiveCfg = Debug|Any CPU
		{08CF55A8-10BA-4586-A573-E7D2C74FBCA0}.Debug|x86.Build.0 = Debug|Any CPU
		{08CF55A8-10BA-4586-A573-E7D2C74FBCA0}.Release|Any CPU.ActiveCfg = Release|Any CPU
		{08CF55A8-10BA-4586-A573-E7D2C74FBCA0}.Release|Any CPU.Build.0 = Release|Any CPU
		{08CF55A8-10BA-4586-A573-E7D2C74FBCA0}.Release|x64.ActiveCfg = Release|Any CPU
		{08CF55A8-10BA-4586-A573-E7D2C74FBCA0}.Release|x64.Build.0 = Release|Any CPU
		{08CF55A8-10BA-4586-A573-E7D2C74FBCA0}.Release|x86.ActiveCfg = Release|Any CPU
		{08CF55A8-10BA-4586-A573-E7D2C74FBCA0}.Release|x86.Build.0 = Release|Any CPU
		{E5979257-DCAA-4F92-A48F-F8977E015392}.Debug|Any CPU.ActiveCfg = Debug|Any CPU
		{E5979257-DCAA-4F92-A48F-F8977E015392}.Debug|Any CPU.Build.0 = Debug|Any CPU
		{E5979257-DCAA-4F92-A48F-F8977E015392}.Debug|x64.ActiveCfg = Debug|Any CPU
		{E5979257-DCAA-4F92-A48F-F8977E015392}.Debug|x64.Build.0 = Debug|Any CPU
		{E5979257-DCAA-4F92-A48F-F8977E015392}.Debug|x86.ActiveCfg = Debug|Any CPU
		{E5979257-DCAA-4F92-A48F-F8977E015392}.Debug|x86.Build.0 = Debug|Any CPU
		{E5979257-DCAA-4F92-A48F-F8977E015392}.Release|Any CPU.ActiveCfg = Release|Any CPU
		{E5979257-DCAA-4F92-A48F-F8977E015392}.Release|Any CPU.Build.0 = Release|Any CPU
		{E5979257-DCAA-4F92-A48F-F8977E015392}.Release|x64.ActiveCfg = Release|Any CPU
		{E5979257-DCAA-4F92-A48F-F8977E015392}.Release|x64.Build.0 = Release|Any CPU
		{E5979257-DCAA-4F92-A48F-F8977E015392}.Release|x86.ActiveCfg = Release|Any CPU
		{E5979257-DCAA-4F92-A48F-F8977E015392}.Release|x86.Build.0 = Release|Any CPU
		{B2FEA7EE-CFFA-47C7-A78B-748597D4C178}.Debug|Any CPU.ActiveCfg = Debug|Any CPU
		{B2FEA7EE-CFFA-47C7-A78B-748597D4C178}.Debug|Any CPU.Build.0 = Debug|Any CPU
		{B2FEA7EE-CFFA-47C7-A78B-748597D4C178}.Debug|x64.ActiveCfg = Debug|Any CPU
		{B2FEA7EE-CFFA-47C7-A78B-748597D4C178}.Debug|x64.Build.0 = Debug|Any CPU
		{B2FEA7EE-CFFA-47C7-A78B-748597D4C178}.Debug|x86.ActiveCfg = Debug|Any CPU
		{B2FEA7EE-CFFA-47C7-A78B-748597D4C178}.Debug|x86.Build.0 = Debug|Any CPU
		{B2FEA7EE-CFFA-47C7-A78B-748597D4C178}.Release|Any CPU.ActiveCfg = Release|Any CPU
		{B2FEA7EE-CFFA-47C7-A78B-748597D4C178}.Release|Any CPU.Build.0 = Release|Any CPU
		{B2FEA7EE-CFFA-47C7-A78B-748597D4C178}.Release|x64.ActiveCfg = Release|Any CPU
		{B2FEA7EE-CFFA-47C7-A78B-748597D4C178}.Release|x64.Build.0 = Release|Any CPU
		{B2FEA7EE-CFFA-47C7-A78B-748597D4C178}.Release|x86.ActiveCfg = Release|Any CPU
		{B2FEA7EE-CFFA-47C7-A78B-748597D4C178}.Release|x86.Build.0 = Release|Any CPU
		{8915FA93-F803-45B6-9C3E-EBC2DBE4CB69}.Debug|Any CPU.ActiveCfg = Debug|Any CPU
		{8915FA93-F803-45B6-9C3E-EBC2DBE4CB69}.Debug|Any CPU.Build.0 = Debug|Any CPU
		{8915FA93-F803-45B6-9C3E-EBC2DBE4CB69}.Debug|x64.ActiveCfg = Debug|Any CPU
		{8915FA93-F803-45B6-9C3E-EBC2DBE4CB69}.Debug|x64.Build.0 = Debug|Any CPU
		{8915FA93-F803-45B6-9C3E-EBC2DBE4CB69}.Debug|x86.ActiveCfg = Debug|Any CPU
		{8915FA93-F803-45B6-9C3E-EBC2DBE4CB69}.Debug|x86.Build.0 = Debug|Any CPU
		{8915FA93-F803-45B6-9C3E-EBC2DBE4CB69}.Release|Any CPU.ActiveCfg = Release|Any CPU
		{8915FA93-F803-45B6-9C3E-EBC2DBE4CB69}.Release|Any CPU.Build.0 = Release|Any CPU
		{8915FA93-F803-45B6-9C3E-EBC2DBE4CB69}.Release|x64.ActiveCfg = Release|Any CPU
		{8915FA93-F803-45B6-9C3E-EBC2DBE4CB69}.Release|x64.Build.0 = Release|Any CPU
		{8915FA93-F803-45B6-9C3E-EBC2DBE4CB69}.Release|x86.ActiveCfg = Release|Any CPU
		{8915FA93-F803-45B6-9C3E-EBC2DBE4CB69}.Release|x86.Build.0 = Release|Any CPU
		{8F7EEFF8-2C94-4CD5-80F2-96C74A063B77}.Debug|Any CPU.ActiveCfg = Debug|Any CPU
		{8F7EEFF8-2C94-4CD5-80F2-96C74A063B77}.Debug|Any CPU.Build.0 = Debug|Any CPU
		{8F7EEFF8-2C94-4CD5-80F2-96C74A063B77}.Debug|x64.ActiveCfg = Debug|Any CPU
		{8F7EEFF8-2C94-4CD5-80F2-96C74A063B77}.Debug|x64.Build.0 = Debug|Any CPU
		{8F7EEFF8-2C94-4CD5-80F2-96C74A063B77}.Debug|x86.ActiveCfg = Debug|Any CPU
		{8F7EEFF8-2C94-4CD5-80F2-96C74A063B77}.Debug|x86.Build.0 = Debug|Any CPU
		{8F7EEFF8-2C94-4CD5-80F2-96C74A063B77}.Release|Any CPU.ActiveCfg = Release|Any CPU
		{8F7EEFF8-2C94-4CD5-80F2-96C74A063B77}.Release|Any CPU.Build.0 = Release|Any CPU
		{8F7EEFF8-2C94-4CD5-80F2-96C74A063B77}.Release|x64.ActiveCfg = Release|Any CPU
		{8F7EEFF8-2C94-4CD5-80F2-96C74A063B77}.Release|x64.Build.0 = Release|Any CPU
		{8F7EEFF8-2C94-4CD5-80F2-96C74A063B77}.Release|x86.ActiveCfg = Release|Any CPU
		{8F7EEFF8-2C94-4CD5-80F2-96C74A063B77}.Release|x86.Build.0 = Release|Any CPU
	EndGlobalSection
	GlobalSection(SolutionProperties) = preSolution
		HideSolutionNode = FALSE
	EndGlobalSection
EndGlobal
