
Microsoft Visual Studio Solution File, Format Version 12.00
# Visual Studio Version 16
VisualStudioVersion = 16.0.30114.105
MinimumVisualStudioVersion = 10.0.40219.1
Project("{FAE04EC0-301F-11D3-BF4B-00C04F79EFBC}") = "R5T.D0108.A001", "R5T.D0108.A001\R5T.D0108.A001.csproj", "{8317ACC3-D408-472D-A5D8-871DE36B9291}"
EndProject
Project("{FAE04EC0-301F-11D3-BF4B-00C04F79EFBC}") = "R5T.D0108.Base", "R5T.D0108.Base\R5T.D0108.Base.csproj", "{6BFD2DA3-2431-44B4-9C6B-E397972B9B56}"
EndProject
Project("{FAE04EC0-301F-11D3-BF4B-00C04F79EFBC}") = "R5T.D0108.Construction", "R5T.D0108.Construction\R5T.D0108.Construction.csproj", "{2DE1A7FE-6662-480B-BEB7-6C61D89EABFA}"
EndProject
Project("{FAE04EC0-301F-11D3-BF4B-00C04F79EFBC}") = "R5T.D0108.I001", "R5T.D0108.I001\R5T.D0108.I001.csproj", "{20002B80-0A71-409A-9D39-D8FB70CE7E80}"
EndProject
Project("{FAE04EC0-301F-11D3-BF4B-00C04F79EFBC}") = "R5T.D0108.X001", "R5T.D0108.X001\R5T.D0108.X001.csproj", "{DA1542EB-A52C-4C77-81AE-8EABECBFFBB6}"
EndProject
Global
	GlobalSection(SolutionConfigurationPlatforms) = preSolution
		Debug|Any CPU = Debug|Any CPU
		Debug|x64 = Debug|x64
		Debug|x86 = Debug|x86
		Release|Any CPU = Release|Any CPU
		Release|x64 = Release|x64
		Release|x86 = Release|x86
	EndGlobalSection
	GlobalSection(SolutionProperties) = preSolution
		HideSolutionNode = FALSE
	EndGlobalSection
	GlobalSection(ProjectConfigurationPlatforms) = postSolution
		{8317ACC3-D408-472D-A5D8-871DE36B9291}.Debug|Any CPU.ActiveCfg = Debug|Any CPU
		{8317ACC3-D408-472D-A5D8-871DE36B9291}.Debug|Any CPU.Build.0 = Debug|Any CPU
		{8317ACC3-D408-472D-A5D8-871DE36B9291}.Debug|x64.ActiveCfg = Debug|Any CPU
		{8317ACC3-D408-472D-A5D8-871DE36B9291}.Debug|x64.Build.0 = Debug|Any CPU
		{8317ACC3-D408-472D-A5D8-871DE36B9291}.Debug|x86.ActiveCfg = Debug|Any CPU
		{8317ACC3-D408-472D-A5D8-871DE36B9291}.Debug|x86.Build.0 = Debug|Any CPU
		{8317ACC3-D408-472D-A5D8-871DE36B9291}.Release|Any CPU.ActiveCfg = Release|Any CPU
		{8317ACC3-D408-472D-A5D8-871DE36B9291}.Release|Any CPU.Build.0 = Release|Any CPU
		{8317ACC3-D408-472D-A5D8-871DE36B9291}.Release|x64.ActiveCfg = Release|Any CPU
		{8317ACC3-D408-472D-A5D8-871DE36B9291}.Release|x64.Build.0 = Release|Any CPU
		{8317ACC3-D408-472D-A5D8-871DE36B9291}.Release|x86.ActiveCfg = Release|Any CPU
		{8317ACC3-D408-472D-A5D8-871DE36B9291}.Release|x86.Build.0 = Release|Any CPU
		{6BFD2DA3-2431-44B4-9C6B-E397972B9B56}.Debug|Any CPU.ActiveCfg = Debug|Any CPU
		{6BFD2DA3-2431-44B4-9C6B-E397972B9B56}.Debug|Any CPU.Build.0 = Debug|Any CPU
		{6BFD2DA3-2431-44B4-9C6B-E397972B9B56}.Debug|x64.ActiveCfg = Debug|Any CPU
		{6BFD2DA3-2431-44B4-9C6B-E397972B9B56}.Debug|x64.Build.0 = Debug|Any CPU
		{6BFD2DA3-2431-44B4-9C6B-E397972B9B56}.Debug|x86.ActiveCfg = Debug|Any CPU
		{6BFD2DA3-2431-44B4-9C6B-E397972B9B56}.Debug|x86.Build.0 = Debug|Any CPU
		{6BFD2DA3-2431-44B4-9C6B-E397972B9B56}.Release|Any CPU.ActiveCfg = Release|Any CPU
		{6BFD2DA3-2431-44B4-9C6B-E397972B9B56}.Release|Any CPU.Build.0 = Release|Any CPU
		{6BFD2DA3-2431-44B4-9C6B-E397972B9B56}.Release|x64.ActiveCfg = Release|Any CPU
		{6BFD2DA3-2431-44B4-9C6B-E397972B9B56}.Release|x64.Build.0 = Release|Any CPU
		{6BFD2DA3-2431-44B4-9C6B-E397972B9B56}.Release|x86.ActiveCfg = Release|Any CPU
		{6BFD2DA3-2431-44B4-9C6B-E397972B9B56}.Release|x86.Build.0 = Release|Any CPU
		{2DE1A7FE-6662-480B-BEB7-6C61D89EABFA}.Debug|Any CPU.ActiveCfg = Debug|Any CPU
		{2DE1A7FE-6662-480B-BEB7-6C61D89EABFA}.Debug|Any CPU.Build.0 = Debug|Any CPU
		{2DE1A7FE-6662-480B-BEB7-6C61D89EABFA}.Debug|x64.ActiveCfg = Debug|Any CPU
		{2DE1A7FE-6662-480B-BEB7-6C61D89EABFA}.Debug|x64.Build.0 = Debug|Any CPU
		{2DE1A7FE-6662-480B-BEB7-6C61D89EABFA}.Debug|x86.ActiveCfg = Debug|Any CPU
		{2DE1A7FE-6662-480B-BEB7-6C61D89EABFA}.Debug|x86.Build.0 = Debug|Any CPU
		{2DE1A7FE-6662-480B-BEB7-6C61D89EABFA}.Release|Any CPU.ActiveCfg = Release|Any CPU
		{2DE1A7FE-6662-480B-BEB7-6C61D89EABFA}.Release|Any CPU.Build.0 = Release|Any CPU
		{2DE1A7FE-6662-480B-BEB7-6C61D89EABFA}.Release|x64.ActiveCfg = Release|Any CPU
		{2DE1A7FE-6662-480B-BEB7-6C61D89EABFA}.Release|x64.Build.0 = Release|Any CPU
		{2DE1A7FE-6662-480B-BEB7-6C61D89EABFA}.Release|x86.ActiveCfg = Release|Any CPU
		{2DE1A7FE-6662-480B-BEB7-6C61D89EABFA}.Release|x86.Build.0 = Release|Any CPU
		{20002B80-0A71-409A-9D39-D8FB70CE7E80}.Debug|Any CPU.ActiveCfg = Debug|Any CPU
		{20002B80-0A71-409A-9D39-D8FB70CE7E80}.Debug|Any CPU.Build.0 = Debug|Any CPU
		{20002B80-0A71-409A-9D39-D8FB70CE7E80}.Debug|x64.ActiveCfg = Debug|Any CPU
		{20002B80-0A71-409A-9D39-D8FB70CE7E80}.Debug|x64.Build.0 = Debug|Any CPU
		{20002B80-0A71-409A-9D39-D8FB70CE7E80}.Debug|x86.ActiveCfg = Debug|Any CPU
		{20002B80-0A71-409A-9D39-D8FB70CE7E80}.Debug|x86.Build.0 = Debug|Any CPU
		{20002B80-0A71-409A-9D39-D8FB70CE7E80}.Release|Any CPU.ActiveCfg = Release|Any CPU
		{20002B80-0A71-409A-9D39-D8FB70CE7E80}.Release|Any CPU.Build.0 = Release|Any CPU
		{20002B80-0A71-409A-9D39-D8FB70CE7E80}.Release|x64.ActiveCfg = Release|Any CPU
		{20002B80-0A71-409A-9D39-D8FB70CE7E80}.Release|x64.Build.0 = Release|Any CPU
		{20002B80-0A71-409A-9D39-D8FB70CE7E80}.Release|x86.ActiveCfg = Release|Any CPU
		{20002B80-0A71-409A-9D39-D8FB70CE7E80}.Release|x86.Build.0 = Release|Any CPU
		{DA1542EB-A52C-4C77-81AE-8EABECBFFBB6}.Debug|Any CPU.ActiveCfg = Debug|Any CPU
		{DA1542EB-A52C-4C77-81AE-8EABECBFFBB6}.Debug|Any CPU.Build.0 = Debug|Any CPU
		{DA1542EB-A52C-4C77-81AE-8EABECBFFBB6}.Debug|x64.ActiveCfg = Debug|Any CPU
		{DA1542EB-A52C-4C77-81AE-8EABECBFFBB6}.Debug|x64.Build.0 = Debug|Any CPU
		{DA1542EB-A52C-4C77-81AE-8EABECBFFBB6}.Debug|x86.ActiveCfg = Debug|Any CPU
		{DA1542EB-A52C-4C77-81AE-8EABECBFFBB6}.Debug|x86.Build.0 = Debug|Any CPU
		{DA1542EB-A52C-4C77-81AE-8EABECBFFBB6}.Release|Any CPU.ActiveCfg = Release|Any CPU
		{DA1542EB-A52C-4C77-81AE-8EABECBFFBB6}.Release|Any CPU.Build.0 = Release|Any CPU
		{DA1542EB-A52C-4C77-81AE-8EABECBFFBB6}.Release|x64.ActiveCfg = Release|Any CPU
		{DA1542EB-A52C-4C77-81AE-8EABECBFFBB6}.Release|x64.Build.0 = Release|Any CPU
		{DA1542EB-A52C-4C77-81AE-8EABECBFFBB6}.Release|x86.ActiveCfg = Release|Any CPU
		{DA1542EB-A52C-4C77-81AE-8EABECBFFBB6}.Release|x86.Build.0 = Release|Any CPU
	EndGlobalSection
EndGlobal
